{
  "version": 4,
  "terraform_version": "1.6.5",
  "serial": 298,
  "lineage": "c0218c6d-d344-4419-e912-61e4caf999d8",
  "outputs": {
    "public_ip_address": {
      "value": "msimpson-linuxVM: 20.228.175.184",
      "type": "string"
    }
  },
  "resources": [
    {
      "mode": "data",
      "type": "azurerm_public_ip",
      "name": "msimpson-ipdata",
      "provider": "provider[\"registry.terraform.io/hashicorp/azurerm\"]",
      "instances": [
        {
          "schema_version": 0,
          "attributes": {
            "allocation_method": "Static",
            "ddos_protection_mode": "VirtualNetworkInherited",
            "ddos_protection_plan_id": null,
            "domain_name_label": "",
            "fqdn": "",
            "id": "/subscriptions/c759eb32-e9c8-4e19-9f2f-d036cf250f5c/resourceGroups/msimpson-sandbox/providers/Microsoft.Network/publicIPAddresses/msimpson-pip",
            "idle_timeout_in_minutes": 4,
            "ip_address": "20.228.175.184",
            "ip_tags": {},
            "ip_version": "IPv4",
            "location": "eastus",
            "name": "msimpson-pip",
            "resource_group_name": "msimpson-sandbox",
            "reverse_fqdn": "",
            "sku": "Basic",
            "tags": {
              "environment": "Dev-TFC"
            },
            "timeouts": null,
            "zones": []
          },
          "sensitive_attributes": []
        }
      ]
    },
    {
      "mode": "managed",
      "type": "azurerm_linux_virtual_machine",
      "name": "msimpson-linuxVM",
      "provider": "provider[\"registry.terraform.io/hashicorp/azurerm\"]",
      "instances": [
        {
          "schema_version": 0,
          "attributes": {
            "additional_capabilities": [],
            "admin_password": "C0r3t3k!C0r3t3k!",
            "admin_ssh_key": [
              {
                "public_key": "ssh-rsa AAAAB3NzaC1yc2EAAAADAQABAAABgQDwh2FI5xvC4FgOKrXvVn34zXQeHL7+NZe5bOvT2e5lVaHcAT1AokZJnyabK4mP7aQZ6UXscvQHTR1TZRpREooEnsBIifu6t/sNavGkfydOxYS90V7mc1eL2bpLV/Muby7k7iQy4jE1uEUeYqCva0Wd0SBjScBZv9pZyuO7emUKrIa0hjm5nixN+fAvUqmIbsa6CfUp1a8tHof8Vys1PAnCvfMdZuOUpH8JPlyUhDZ5VV59VXvDrNWKD0MA6GUPa+NCivzcY/cbVMlqr1u8aUdgQwhwgJlpkDyrNIEmbX5l7li3OUttsz7YogMcRaPbB/vLLa/+AYCPoHBSLhDbupStcPo9tDIqQASdfQu7fuwYnlbqaskn8OavrgoQNRlI5kRrmuVsXOXJ09KZk6GNnUWprLNWklb2n8PlUqoHAwlHPjfRRqa8LF2WFbJOxSE0vPu1FNmlXaFWwKT4LS84ziwLYQzucnWd82Mua78SgSJgXlg+RX7CRVznr0Dn0at+IhE= coretek\\michael.simpson@D-6T43ZW3-1995\r\n",
                "username": "setupadmin"
              }
            ],
            "admin_username": "setupadmin",
            "allow_extension_operations": true,
            "availability_set_id": "",
            "boot_diagnostics": [
              {
                "storage_account_uri": "https://msimpb555f6c3a337344e.blob.core.windows.net/"
              }
            ],
            "bypass_platform_safety_checks_on_user_schedule_enabled": false,
            "capacity_reservation_group_id": "",
            "computer_name": "msimpson-linuxVM",
            "custom_data": "IyEvYmluL2Jhc2gNCnN1ZG8gYXB0LWdldCB1cGRhdGUgLXkgJiYNCnN1ZG8gYXB0LWdldCB1cGRhdGUgLXkgXA0KYXB0LXRyYW5zcG9ydC1odHRwcyBcDQpjYS1jZXJ0aWZpY2F0ZXMgXCANCmN1cmwgXA0KZ251cGctYWdlbnQgXA0Kc29mdHdhcmUtcHJvcGVydGllcy1jb21tb24gJiYNCmN1cmwgLSBmc1NMIGh0dHBzOi8vZG93bmxvYWQuZG9ja2VyLmNvbS9saW51eC91YnVudHUvZ3BnIHwgc3VkbyBhcHQta2V5IGFkZCAtICYmDQpzdWRvIGFkZC1hcHQtcmVwb3NpdG9yeSAiZGViIFthcmNoPWFtZDY0XSBodHRwczovL2Rvd25sb2FkLmRvY2tlci5jb20vbGludXgvdWJ1bnR1ICQobHNiX3JlbGVhc2UgLWNzKSBzdGFibGUiICYmDQpzdWRvIGFwdC1nZXQgdXBkYXRlIC15ICYmDQpzdWRvIHN1ZG8gYXB0LWdldCBpbnN0YWxsIGRvY2tlci1jZSBkb2NrZXItY2UtY2xpIGNvbnRhaW5lcmQuaW8gLXkgJiYNCnN1ZG8gdXNlcm1vZCAtYUcgZG9ja2VyIHVidW50dQ==",
            "dedicated_host_group_id": "",
            "dedicated_host_id": "",
            "disable_password_authentication": false,
            "edge_zone": "",
            "encryption_at_host_enabled": false,
            "eviction_policy": "",
            "extensions_time_budget": "PT1H30M",
            "gallery_application": [],
            "id": "/subscriptions/c759eb32-e9c8-4e19-9f2f-d036cf250f5c/resourceGroups/msimpson-sandbox/providers/Microsoft.Compute/virtualMachines/msimpson-linuxVM",
            "identity": [],
            "license_type": "",
            "location": "eastus",
            "max_bid_price": -1,
            "name": "msimpson-linuxVM",
            "network_interface_ids": [
              "/subscriptions/c759eb32-e9c8-4e19-9f2f-d036cf250f5c/resourceGroups/msimpson-sandbox/providers/Microsoft.Network/networkInterfaces/msimpson-nic"
            ],
            "os_disk": [
              {
                "caching": "ReadWrite",
                "diff_disk_settings": [],
                "disk_encryption_set_id": "",
                "disk_size_gb": 30,
                "name": "msimpson-linuxVM_OsDisk_1_fd97fca1e7554e3e9f26fa9bf2d35a5d",
                "secure_vm_disk_encryption_set_id": "",
                "security_encryption_type": "",
                "storage_account_type": "Standard_LRS",
                "write_accelerator_enabled": false
              }
            ],
            "patch_assessment_mode": "ImageDefault",
            "patch_mode": "ImageDefault",
            "plan": [],
            "platform_fault_domain": -1,
            "priority": "Regular",
            "private_ip_address": "10.123.1.4",
            "private_ip_addresses": [
              "10.123.1.4"
            ],
            "provision_vm_agent": true,
            "proximity_placement_group_id": "",
            "public_ip_address": "20.228.175.184",
            "public_ip_addresses": [
              "20.228.175.184"
            ],
            "reboot_setting": "",
            "resource_group_name": "msimpson-sandbox",
            "secret": [],
            "secure_boot_enabled": false,
            "size": "Standard_B1ms",
            "source_image_id": "",
            "source_image_reference": [
              {
                "offer": "UbuntuServer",
                "publisher": "Canonical",
                "sku": "16.04-LTS",
                "version": "latest"
              }
            ],
            "tags": {
              "environment": "Dev-TFC"
            },
            "termination_notification": null,
            "timeouts": null,
            "user_data": "",
            "virtual_machine_id": "dcfbf24e-5e19-4892-96c4-062f4d198007",
            "virtual_machine_scale_set_id": "",
            "vtpm_enabled": false,
            "zone": ""
          },
          "sensitive_attributes": [],
          "private": "eyJlMmJmYjczMC1lY2FhLTExZTYtOGY4OC0zNDM2M2JjN2M0YzAiOnsiY3JlYXRlIjoyNzAwMDAwMDAwMDAwLCJkZWxldGUiOjI3MDAwMDAwMDAwMDAsInJlYWQiOjMwMDAwMDAwMDAwMCwidXBkYXRlIjoyNzAwMDAwMDAwMDAwfX0=",
          "dependencies": [
            "azurerm_network_interface.msimpson-nic",
            "azurerm_public_ip.msimpson-pip",
            "azurerm_resource_group.msimpson",
            "azurerm_storage_account.msimpsonstorage02",
            "azurerm_subnet.msimpson-subnet",
            "azurerm_virtual_network.msimpson-vnet",
            "random_id.random_id"
          ]
        }
      ]
    },
    {
      "mode": "managed",
      "type": "azurerm_network_interface",
      "name": "msimpson-nic",
      "provider": "provider[\"registry.terraform.io/hashicorp/azurerm\"]",
      "instances": [
        {
          "schema_version": 0,
          "attributes": {
            "applied_dns_servers": [],
            "auxiliary_mode": "",
            "auxiliary_sku": "",
            "dns_servers": [],
            "edge_zone": "",
            "enable_accelerated_networking": false,
            "enable_ip_forwarding": false,
            "id": "/subscriptions/c759eb32-e9c8-4e19-9f2f-d036cf250f5c/resourceGroups/msimpson-sandbox/providers/Microsoft.Network/networkInterfaces/msimpson-nic",
            "internal_dns_name_label": "",
            "internal_domain_name_suffix": "xaw3ynm1nh2ehfvsajf5iaow3f.bx.internal.cloudapp.net",
            "ip_configuration": [
              {
                "gateway_load_balancer_frontend_ip_configuration_id": "",
                "name": "internal",
                "primary": true,
                "private_ip_address": "10.123.1.4",
                "private_ip_address_allocation": "Dynamic",
                "private_ip_address_version": "IPv4",
                "public_ip_address_id": "/subscriptions/c759eb32-e9c8-4e19-9f2f-d036cf250f5c/resourceGroups/msimpson-sandbox/providers/Microsoft.Network/publicIPAddresses/msimpson-pip",
                "subnet_id": "/subscriptions/c759eb32-e9c8-4e19-9f2f-d036cf250f5c/resourceGroups/msimpson-sandbox/providers/Microsoft.Network/virtualNetworks/msimpson-vnet/subnets/msimpson-subnet"
              }
            ],
            "location": "eastus",
            "mac_address": "",
            "name": "msimpson-nic",
            "private_ip_address": "10.123.1.4",
            "private_ip_addresses": [
              "10.123.1.4"
            ],
            "resource_group_name": "msimpson-sandbox",
            "tags": {
              "environment": "Dev-TFC"
            },
            "timeouts": null,
            "virtual_machine_id": ""
          },
          "sensitive_attributes": [],
          "private": "eyJlMmJmYjczMC1lY2FhLTExZTYtOGY4OC0zNDM2M2JjN2M0YzAiOnsiY3JlYXRlIjoxODAwMDAwMDAwMDAwLCJkZWxldGUiOjE4MDAwMDAwMDAwMDAsInJlYWQiOjMwMDAwMDAwMDAwMCwidXBkYXRlIjoxODAwMDAwMDAwMDAwfX0=",
          "dependencies": [
            "azurerm_public_ip.msimpson-pip",
            "azurerm_resource_group.msimpson",
            "azurerm_subnet.msimpson-subnet",
            "azurerm_virtual_network.msimpson-vnet"
          ]
        }
      ]
    },
    {
      "mode": "managed",
      "type": "azurerm_network_interface",
      "name": "msimpson-nic2",
      "provider": "provider[\"registry.terraform.io/hashicorp/azurerm\"]",
      "instances": [
        {
          "schema_version": 0,
          "attributes": {
            "applied_dns_servers": [],
            "auxiliary_mode": "",
            "auxiliary_sku": "",
            "dns_servers": [],
            "edge_zone": "",
            "enable_accelerated_networking": false,
            "enable_ip_forwarding": false,
            "id": "/subscriptions/c759eb32-e9c8-4e19-9f2f-d036cf250f5c/resourceGroups/msimpson-sandbox/providers/Microsoft.Network/networkInterfaces/msimpson-nic2",
            "internal_dns_name_label": "",
            "internal_domain_name_suffix": "xaw3ynm1nh2ehfvsajf5iaow3f.bx.internal.cloudapp.net",
            "ip_configuration": [
              {
                "gateway_load_balancer_frontend_ip_configuration_id": "",
                "name": "internal",
                "primary": true,
                "private_ip_address": "10.123.2.4",
                "private_ip_address_allocation": "Dynamic",
                "private_ip_address_version": "IPv4",
                "public_ip_address_id": "",
                "subnet_id": "/subscriptions/c759eb32-e9c8-4e19-9f2f-d036cf250f5c/resourceGroups/msimpson-sandbox/providers/Microsoft.Network/virtualNetworks/msimpson-vnet/subnets/msimpson-subnet2"
              }
            ],
            "location": "eastus",
            "mac_address": "",
            "name": "msimpson-nic2",
            "private_ip_address": "10.123.2.4",
            "private_ip_addresses": [
              "10.123.2.4"
            ],
            "resource_group_name": "msimpson-sandbox",
            "tags": {
              "environment": "Dev-TFC"
            },
            "timeouts": null,
            "virtual_machine_id": ""
          },
          "sensitive_attributes": [],
          "private": "eyJlMmJmYjczMC1lY2FhLTExZTYtOGY4OC0zNDM2M2JjN2M0YzAiOnsiY3JlYXRlIjoxODAwMDAwMDAwMDAwLCJkZWxldGUiOjE4MDAwMDAwMDAwMDAsInJlYWQiOjMwMDAwMDAwMDAwMCwidXBkYXRlIjoxODAwMDAwMDAwMDAwfX0=",
          "dependencies": [
            "azurerm_resource_group.msimpson",
            "azurerm_subnet.msimpson-subnet2",
            "azurerm_virtual_network.msimpson-vnet"
          ]
        }
      ]
    },
    {
      "mode": "managed",
      "type": "azurerm_network_security_group",
      "name": "msimpson-SG",
      "provider": "provider[\"registry.terraform.io/hashicorp/azurerm\"]",
      "instances": [
        {
          "schema_version": 0,
          "attributes": {
            "id": "/subscriptions/c759eb32-e9c8-4e19-9f2f-d036cf250f5c/resourceGroups/msimpson-sandbox/providers/Microsoft.Network/networkSecurityGroups/msimpson-SG",
            "location": "eastus",
            "name": "msimpson-SG",
            "resource_group_name": "msimpson-sandbox",
            "security_rule": [],
            "tags": {
              "environment": "Dev-TFC"
            },
            "timeouts": null
          },
          "sensitive_attributes": [],
          "private": "eyJlMmJmYjczMC1lY2FhLTExZTYtOGY4OC0zNDM2M2JjN2M0YzAiOnsiY3JlYXRlIjoxODAwMDAwMDAwMDAwLCJkZWxldGUiOjE4MDAwMDAwMDAwMDAsInJlYWQiOjMwMDAwMDAwMDAwMCwidXBkYXRlIjoxODAwMDAwMDAwMDAwfX0=",
          "dependencies": [
            "azurerm_resource_group.msimpson"
          ]
        }
      ]
    },
    {
      "mode": "managed",
      "type": "azurerm_network_security_rule",
      "name": "msimpson-rule",
      "provider": "provider[\"registry.terraform.io/hashicorp/azurerm\"]",
      "instances": [
        {
          "schema_version": 0,
          "attributes": {
            "access": "Allow",
            "description": "",
            "destination_address_prefix": "*",
            "destination_address_prefixes": null,
            "destination_application_security_group_ids": null,
            "destination_port_range": "*",
            "destination_port_ranges": null,
            "direction": "Inbound",
            "id": "/subscriptions/c759eb32-e9c8-4e19-9f2f-d036cf250f5c/resourceGroups/msimpson-sandbox/providers/Microsoft.Network/networkSecurityGroups/msimpson-SG/securityRules/msimpson-rule",
            "name": "msimpson-rule",
            "network_security_group_name": "msimpson-SG",
            "priority": 100,
            "protocol": "*",
            "resource_group_name": "msimpson-sandbox",
            "source_address_prefix": "*",
            "source_address_prefixes": null,
            "source_application_security_group_ids": null,
            "source_port_range": "*",
            "source_port_ranges": null,
            "timeouts": null
          },
          "sensitive_attributes": [],
          "private": "eyJlMmJmYjczMC1lY2FhLTExZTYtOGY4OC0zNDM2M2JjN2M0YzAiOnsiY3JlYXRlIjoxODAwMDAwMDAwMDAwLCJkZWxldGUiOjE4MDAwMDAwMDAwMDAsInJlYWQiOjMwMDAwMDAwMDAwMCwidXBkYXRlIjoxODAwMDAwMDAwMDAwfX0=",
          "dependencies": [
            "azurerm_network_security_group.msimpson-SG",
            "azurerm_resource_group.msimpson"
          ]
        }
      ]
    },
    {
      "mode": "managed",
      "type": "azurerm_public_ip",
      "name": "msimpson-pip",
      "provider": "provider[\"registry.terraform.io/hashicorp/azurerm\"]",
      "instances": [
        {
          "schema_version": 0,
          "attributes": {
            "allocation_method": "Static",
            "ddos_protection_mode": "VirtualNetworkInherited",
            "ddos_protection_plan_id": null,
            "domain_name_label": null,
            "edge_zone": "",
            "fqdn": null,
            "id": "/subscriptions/c759eb32-e9c8-4e19-9f2f-d036cf250f5c/resourceGroups/msimpson-sandbox/providers/Microsoft.Network/publicIPAddresses/msimpson-pip",
            "idle_timeout_in_minutes": 4,
            "ip_address": "20.228.175.184",
            "ip_tags": null,
            "ip_version": "IPv4",
            "location": "eastus",
            "name": "msimpson-pip",
            "public_ip_prefix_id": null,
            "resource_group_name": "msimpson-sandbox",
            "reverse_fqdn": null,
            "sku": "Basic",
            "sku_tier": "Regional",
            "tags": {
              "environment": "Dev-TFC"
            },
            "timeouts": null,
            "zones": null
          },
          "sensitive_attributes": [],
          "private": "eyJlMmJmYjczMC1lY2FhLTExZTYtOGY4OC0zNDM2M2JjN2M0YzAiOnsiY3JlYXRlIjoxODAwMDAwMDAwMDAwLCJkZWxldGUiOjE4MDAwMDAwMDAwMDAsInJlYWQiOjMwMDAwMDAwMDAwMCwidXBkYXRlIjoxODAwMDAwMDAwMDAwfX0=",
          "dependencies": [
            "azurerm_resource_group.msimpson"
          ]
        }
      ]
    },
    {
      "mode": "managed",
      "type": "azurerm_resource_group",
      "name": "msimpson",
      "provider": "provider[\"registry.terraform.io/hashicorp/azurerm\"]",
      "instances": [
        {
          "schema_version": 0,
          "attributes": {
            "id": "/subscriptions/c759eb32-e9c8-4e19-9f2f-d036cf250f5c/resourceGroups/msimpson-sandbox",
            "location": "eastus",
            "managed_by": "",
            "name": "msimpson-sandbox",
            "tags": {
              "environment": "Dev-TFC"
            },
            "timeouts": null
          },
          "sensitive_attributes": [],
          "private": "eyJlMmJmYjczMC1lY2FhLTExZTYtOGY4OC0zNDM2M2JjN2M0YzAiOnsiY3JlYXRlIjo1NDAwMDAwMDAwMDAwLCJkZWxldGUiOjU0MDAwMDAwMDAwMDAsInJlYWQiOjMwMDAwMDAwMDAwMCwidXBkYXRlIjo1NDAwMDAwMDAwMDAwfX0="
        }
      ]
    },
    {
      "mode": "managed",
      "type": "azurerm_storage_account",
      "name": "msimpsonstorage02",
      "provider": "provider[\"registry.terraform.io/hashicorp/azurerm\"]",
      "instances": [
        {
          "schema_version": 4,
          "attributes": {
            "access_tier": "Hot",
            "account_kind": "StorageV2",
            "account_replication_type": "LRS",
            "account_tier": "Standard",
            "allow_nested_items_to_be_public": true,
            "allowed_copy_scope": "",
            "azure_files_authentication": [],
            "blob_properties": [
              {
                "change_feed_enabled": false,
                "change_feed_retention_in_days": 0,
                "container_delete_retention_policy": [],
                "cors_rule": [],
                "default_service_version": "",
                "delete_retention_policy": [],
                "last_access_time_enabled": false,
                "restore_policy": [],
                "versioning_enabled": false
              }
            ],
            "cross_tenant_replication_enabled": true,
            "custom_domain": [],
            "customer_managed_key": [],
            "default_to_oauth_authentication": false,
            "edge_zone": "",
            "enable_https_traffic_only": true,
            "id": "/subscriptions/c759eb32-e9c8-4e19-9f2f-d036cf250f5c/resourceGroups/msimpson-sandbox/providers/Microsoft.Storage/storageAccounts/msimpb555f6c3a337344e",
            "identity": [],
            "immutability_policy": [],
            "infrastructure_encryption_enabled": false,
            "is_hns_enabled": false,
            "large_file_share_enabled": null,
            "location": "eastus",
            "min_tls_version": "TLS1_2",
            "name": "msimpb555f6c3a337344e",
            "network_rules": [
              {
                "bypass": [
                  "AzureServices"
                ],
                "default_action": "Allow",
                "ip_rules": [],
                "private_link_access": [],
                "virtual_network_subnet_ids": []
              }
            ],
            "nfsv3_enabled": false,
            "primary_access_key": "WXQVpWD6+kMAKizx1tyFoOcI4mSitZfarcRjrLUS2nAuVTPGv/CbxJvgF4B05+nmJ91904NeCCJU+AStOgJrkg==",
            "primary_blob_connection_string": "DefaultEndpointsProtocol=https;BlobEndpoint=https://msimpb555f6c3a337344e.blob.core.windows.net/;AccountName=msimpb555f6c3a337344e;AccountKey=WXQVpWD6+kMAKizx1tyFoOcI4mSitZfarcRjrLUS2nAuVTPGv/CbxJvgF4B05+nmJ91904NeCCJU+AStOgJrkg==",
            "primary_blob_endpoint": "https://msimpb555f6c3a337344e.blob.core.windows.net/",
            "primary_blob_host": "msimpb555f6c3a337344e.blob.core.windows.net",
            "primary_blob_internet_endpoint": null,
            "primary_blob_internet_host": null,
            "primary_blob_microsoft_endpoint": null,
            "primary_blob_microsoft_host": null,
            "primary_connection_string": "DefaultEndpointsProtocol=https;AccountName=msimpb555f6c3a337344e;AccountKey=WXQVpWD6+kMAKizx1tyFoOcI4mSitZfarcRjrLUS2nAuVTPGv/CbxJvgF4B05+nmJ91904NeCCJU+AStOgJrkg==;EndpointSuffix=core.windows.net",
            "primary_dfs_endpoint": "https://msimpb555f6c3a337344e.dfs.core.windows.net/",
            "primary_dfs_host": "msimpb555f6c3a337344e.dfs.core.windows.net",
            "primary_dfs_internet_endpoint": null,
            "primary_dfs_internet_host": null,
            "primary_dfs_microsoft_endpoint": null,
            "primary_dfs_microsoft_host": null,
            "primary_file_endpoint": "https://msimpb555f6c3a337344e.file.core.windows.net/",
            "primary_file_host": "msimpb555f6c3a337344e.file.core.windows.net",
            "primary_file_internet_endpoint": null,
            "primary_file_internet_host": null,
            "primary_file_microsoft_endpoint": null,
            "primary_file_microsoft_host": null,
            "primary_location": "eastus",
            "primary_queue_endpoint": "https://msimpb555f6c3a337344e.queue.core.windows.net/",
            "primary_queue_host": "msimpb555f6c3a337344e.queue.core.windows.net",
            "primary_queue_microsoft_endpoint": null,
            "primary_queue_microsoft_host": null,
            "primary_table_endpoint": "https://msimpb555f6c3a337344e.table.core.windows.net/",
            "primary_table_host": "msimpb555f6c3a337344e.table.core.windows.net",
            "primary_table_microsoft_endpoint": null,
            "primary_table_microsoft_host": null,
            "primary_web_endpoint": "https://msimpb555f6c3a337344e.z13.web.core.windows.net/",
            "primary_web_host": "msimpb555f6c3a337344e.z13.web.core.windows.net",
            "primary_web_internet_endpoint": null,
            "primary_web_internet_host": null,
            "primary_web_microsoft_endpoint": null,
            "primary_web_microsoft_host": null,
            "public_network_access_enabled": true,
            "queue_encryption_key_type": "Service",
            "queue_properties": [
              {
                "cors_rule": [],
                "hour_metrics": [
                  {
                    "enabled": true,
                    "include_apis": true,
                    "retention_policy_days": 7,
                    "version": "1.0"
                  }
                ],
                "logging": [
                  {
                    "delete": false,
                    "read": false,
                    "retention_policy_days": 0,
                    "version": "1.0",
                    "write": false
                  }
                ],
                "minute_metrics": [
                  {
                    "enabled": false,
                    "include_apis": false,
                    "retention_policy_days": 0,
                    "version": "1.0"
                  }
                ]
              }
            ],
            "resource_group_name": "msimpson-sandbox",
            "routing": [],
            "sas_policy": [],
            "secondary_access_key": "234nqszqQNWX8ioik6+6UvymxfVsxT2KZyFMps14cpblthPWvLMEtrvOQGABjCIX7ZppX+JKmYjV+AStJ7iYUw==",
            "secondary_blob_connection_string": "",
            "secondary_blob_endpoint": null,
            "secondary_blob_host": null,
            "secondary_blob_internet_endpoint": null,
            "secondary_blob_internet_host": null,
            "secondary_blob_microsoft_endpoint": null,
            "secondary_blob_microsoft_host": null,
            "secondary_connection_string": "DefaultEndpointsProtocol=https;AccountName=msimpb555f6c3a337344e;AccountKey=234nqszqQNWX8ioik6+6UvymxfVsxT2KZyFMps14cpblthPWvLMEtrvOQGABjCIX7ZppX+JKmYjV+AStJ7iYUw==;EndpointSuffix=core.windows.net",
            "secondary_dfs_endpoint": null,
            "secondary_dfs_host": null,
            "secondary_dfs_internet_endpoint": null,
            "secondary_dfs_internet_host": null,
            "secondary_dfs_microsoft_endpoint": null,
            "secondary_dfs_microsoft_host": null,
            "secondary_file_endpoint": null,
            "secondary_file_host": null,
            "secondary_file_internet_endpoint": null,
            "secondary_file_internet_host": null,
            "secondary_file_microsoft_endpoint": null,
            "secondary_file_microsoft_host": null,
            "secondary_location": "",
            "secondary_queue_endpoint": null,
            "secondary_queue_host": null,
            "secondary_queue_microsoft_endpoint": null,
            "secondary_queue_microsoft_host": null,
            "secondary_table_endpoint": null,
            "secondary_table_host": null,
            "secondary_table_microsoft_endpoint": null,
            "secondary_table_microsoft_host": null,
            "secondary_web_endpoint": null,
            "secondary_web_host": null,
            "secondary_web_internet_endpoint": null,
            "secondary_web_internet_host": null,
            "secondary_web_microsoft_endpoint": null,
            "secondary_web_microsoft_host": null,
            "sftp_enabled": false,
            "share_properties": [
              {
                "cors_rule": [],
                "retention_policy": [
                  {
                    "days": 7
                  }
                ],
                "smb": []
              }
            ],
            "shared_access_key_enabled": true,
            "static_website": [],
            "table_encryption_key_type": "Service",
            "tags": null,
            "timeouts": null
          },
          "sensitive_attributes": [],
          "private": "eyJlMmJmYjczMC1lY2FhLTExZTYtOGY4OC0zNDM2M2JjN2M0YzAiOnsiY3JlYXRlIjozNjAwMDAwMDAwMDAwLCJkZWxldGUiOjM2MDAwMDAwMDAwMDAsInJlYWQiOjMwMDAwMDAwMDAwMCwidXBkYXRlIjozNjAwMDAwMDAwMDAwfSwic2NoZW1hX3ZlcnNpb24iOiI0In0=",
          "dependencies": [
            "azurerm_resource_group.msimpson",
            "random_id.random_id"
          ]
        }
      ]
    },
    {
      "mode": "managed",
      "type": "azurerm_subnet",
      "name": "msimpson-subnet",
      "provider": "provider[\"registry.terraform.io/hashicorp/azurerm\"]",
      "instances": [
        {
          "schema_version": 0,
          "attributes": {
            "address_prefixes": [
              "10.123.1.0/24"
            ],
            "delegation": [],
            "enforce_private_link_endpoint_network_policies": false,
            "enforce_private_link_service_network_policies": false,
            "id": "/subscriptions/c759eb32-e9c8-4e19-9f2f-d036cf250f5c/resourceGroups/msimpson-sandbox/providers/Microsoft.Network/virtualNetworks/msimpson-vnet/subnets/msimpson-subnet",
            "name": "msimpson-subnet",
            "private_endpoint_network_policies_enabled": true,
            "private_link_service_network_policies_enabled": true,
            "resource_group_name": "msimpson-sandbox",
            "service_endpoint_policy_ids": null,
            "service_endpoints": null,
            "timeouts": null,
            "virtual_network_name": "msimpson-vnet"
          },
          "sensitive_attributes": [],
          "private": "eyJlMmJmYjczMC1lY2FhLTExZTYtOGY4OC0zNDM2M2JjN2M0YzAiOnsiY3JlYXRlIjoxODAwMDAwMDAwMDAwLCJkZWxldGUiOjE4MDAwMDAwMDAwMDAsInJlYWQiOjMwMDAwMDAwMDAwMCwidXBkYXRlIjoxODAwMDAwMDAwMDAwfX0=",
          "dependencies": [
            "azurerm_resource_group.msimpson",
            "azurerm_virtual_network.msimpson-vnet"
          ]
        }
      ]
    },
    {
      "mode": "managed",
      "type": "azurerm_subnet",
      "name": "msimpson-subnet2",
      "provider": "provider[\"registry.terraform.io/hashicorp/azurerm\"]",
      "instances": [
        {
          "schema_version": 0,
          "attributes": {
            "address_prefixes": [
              "10.123.2.0/24"
            ],
            "delegation": [],
            "enforce_private_link_endpoint_network_policies": false,
            "enforce_private_link_service_network_policies": false,
            "id": "/subscriptions/c759eb32-e9c8-4e19-9f2f-d036cf250f5c/resourceGroups/msimpson-sandbox/providers/Microsoft.Network/virtualNetworks/msimpson-vnet/subnets/msimpson-subnet2",
            "name": "msimpson-subnet2",
            "private_endpoint_network_policies_enabled": true,
            "private_link_service_network_policies_enabled": true,
            "resource_group_name": "msimpson-sandbox",
            "service_endpoint_policy_ids": null,
            "service_endpoints": null,
            "timeouts": null,
            "virtual_network_name": "msimpson-vnet"
          },
          "sensitive_attributes": [],
          "private": "eyJlMmJmYjczMC1lY2FhLTExZTYtOGY4OC0zNDM2M2JjN2M0YzAiOnsiY3JlYXRlIjoxODAwMDAwMDAwMDAwLCJkZWxldGUiOjE4MDAwMDAwMDAwMDAsInJlYWQiOjMwMDAwMDAwMDAwMCwidXBkYXRlIjoxODAwMDAwMDAwMDAwfX0=",
          "dependencies": [
            "azurerm_resource_group.msimpson",
            "azurerm_virtual_network.msimpson-vnet"
          ]
        }
      ]
    },
    {
      "mode": "managed",
      "type": "azurerm_subnet",
      "name": "msimpson-subnet3",
      "provider": "provider[\"registry.terraform.io/hashicorp/azurerm\"]",
      "instances": [
        {
          "schema_version": 0,
          "attributes": {
            "address_prefixes": [
              "10.123.3.0/24"
            ],
            "delegation": [],
            "enforce_private_link_endpoint_network_policies": false,
            "enforce_private_link_service_network_policies": false,
            "id": "/subscriptions/c759eb32-e9c8-4e19-9f2f-d036cf250f5c/resourceGroups/msimpson-sandbox/providers/Microsoft.Network/virtualNetworks/msimpson-vnet/subnets/msimpson-subnet3",
            "name": "msimpson-subnet3",
            "private_endpoint_network_policies_enabled": true,
            "private_link_service_network_policies_enabled": true,
            "resource_group_name": "msimpson-sandbox",
            "service_endpoint_policy_ids": null,
            "service_endpoints": null,
            "timeouts": null,
            "virtual_network_name": "msimpson-vnet"
          },
          "sensitive_attributes": [],
          "private": "eyJlMmJmYjczMC1lY2FhLTExZTYtOGY4OC0zNDM2M2JjN2M0YzAiOnsiY3JlYXRlIjoxODAwMDAwMDAwMDAwLCJkZWxldGUiOjE4MDAwMDAwMDAwMDAsInJlYWQiOjMwMDAwMDAwMDAwMCwidXBkYXRlIjoxODAwMDAwMDAwMDAwfX0=",
          "dependencies": [
            "azurerm_resource_group.msimpson",
            "azurerm_virtual_network.msimpson-vnet"
          ]
        }
      ]
    },
    {
      "mode": "managed",
      "type": "azurerm_subnet_network_security_group_association",
      "name": "msimpson-SG-association",
      "provider": "provider[\"registry.terraform.io/hashicorp/azurerm\"]",
      "instances": [
        {
          "schema_version": 0,
          "attributes": {
            "id": "/subscriptions/c759eb32-e9c8-4e19-9f2f-d036cf250f5c/resourceGroups/msimpson-sandbox/providers/Microsoft.Network/virtualNetworks/msimpson-vnet/subnets/msimpson-subnet",
            "network_security_group_id": "/subscriptions/c759eb32-e9c8-4e19-9f2f-d036cf250f5c/resourceGroups/msimpson-sandbox/providers/Microsoft.Network/networkSecurityGroups/msimpson-SG",
            "subnet_id": "/subscriptions/c759eb32-e9c8-4e19-9f2f-d036cf250f5c/resourceGroups/msimpson-sandbox/providers/Microsoft.Network/virtualNetworks/msimpson-vnet/subnets/msimpson-subnet",
            "timeouts": null
          },
          "sensitive_attributes": [],
          "private": "eyJlMmJmYjczMC1lY2FhLTExZTYtOGY4OC0zNDM2M2JjN2M0YzAiOnsiY3JlYXRlIjoxODAwMDAwMDAwMDAwLCJkZWxldGUiOjE4MDAwMDAwMDAwMDAsInJlYWQiOjMwMDAwMDAwMDAwMH19",
          "dependencies": [
            "azurerm_network_security_group.msimpson-SG",
            "azurerm_resource_group.msimpson",
            "azurerm_subnet.msimpson-subnet",
            "azurerm_virtual_network.msimpson-vnet"
          ]
        }
      ]
    },
    {
      "mode": "managed",
      "type": "azurerm_virtual_network",
      "name": "msimpson-vnet",
      "provider": "provider[\"registry.terraform.io/hashicorp/azurerm\"]",
      "instances": [
        {
          "schema_version": 0,
          "attributes": {
            "address_space": [
              "10.123.0.0/16"
            ],
            "bgp_community": "",
            "ddos_protection_plan": [],
            "dns_servers": [],
            "edge_zone": "",
            "encryption": [],
            "flow_timeout_in_minutes": 0,
            "guid": "35dc2db8-699b-43f8-96b2-024bf401d6ed",
            "id": "/subscriptions/c759eb32-e9c8-4e19-9f2f-d036cf250f5c/resourceGroups/msimpson-sandbox/providers/Microsoft.Network/virtualNetworks/msimpson-vnet",
            "location": "eastus",
            "name": "msimpson-vnet",
            "resource_group_name": "msimpson-sandbox",
            "subnet": [],
            "tags": {
              "environment": "Dev-TFC"
            },
            "timeouts": null
          },
          "sensitive_attributes": [],
          "private": "eyJlMmJmYjczMC1lY2FhLTExZTYtOGY4OC0zNDM2M2JjN2M0YzAiOnsiY3JlYXRlIjoxODAwMDAwMDAwMDAwLCJkZWxldGUiOjE4MDAwMDAwMDAwMDAsInJlYWQiOjMwMDAwMDAwMDAwMCwidXBkYXRlIjoxODAwMDAwMDAwMDAwfX0=",
          "dependencies": [
            "azurerm_resource_group.msimpson"
          ]
        }
      ]
    },
    {
      "mode": "managed",
      "type": "azurerm_windows_virtual_machine",
      "name": "msimpson-windowsVM",
      "provider": "provider[\"registry.terraform.io/hashicorp/azurerm\"]",
      "instances": [
        {
          "schema_version": 0,
          "attributes": {
            "additional_capabilities": [],
            "additional_unattend_content": [],
            "admin_password": "C0r3t3kC0r3t3k",
            "admin_username": "setupadmin",
            "allow_extension_operations": true,
            "availability_set_id": "",
            "boot_diagnostics": [
              {
                "storage_account_uri": "https://msimpb555f6c3a337344e.blob.core.windows.net/"
              }
            ],
            "bypass_platform_safety_checks_on_user_schedule_enabled": false,
            "capacity_reservation_group_id": "",
            "computer_name": "msimpson-WSVM",
            "custom_data": null,
            "dedicated_host_group_id": "",
            "dedicated_host_id": "",
            "edge_zone": "",
            "enable_automatic_updates": true,
            "encryption_at_host_enabled": false,
            "eviction_policy": "",
            "extensions_time_budget": "PT1H30M",
            "gallery_application": [],
            "hotpatching_enabled": false,
            "id": "/subscriptions/c759eb32-e9c8-4e19-9f2f-d036cf250f5c/resourceGroups/msimpson-sandbox/providers/Microsoft.Compute/virtualMachines/msimpson-windowsVM",
            "identity": [],
            "license_type": "",
            "location": "eastus",
            "max_bid_price": -1,
            "name": "msimpson-windowsVM",
            "network_interface_ids": [
              "/subscriptions/c759eb32-e9c8-4e19-9f2f-d036cf250f5c/resourceGroups/msimpson-sandbox/providers/Microsoft.Network/networkInterfaces/msimpson-nic2"
            ],
            "os_disk": [
              {
                "caching": "ReadWrite",
                "diff_disk_settings": [],
                "disk_encryption_set_id": "",
                "disk_size_gb": 127,
                "name": "msimpson-windowsVM_disk1_7a7b1842aee147feb930196cc28d20af",
                "secure_vm_disk_encryption_set_id": "",
                "security_encryption_type": "",
                "storage_account_type": "Standard_LRS",
                "write_accelerator_enabled": false
              }
            ],
            "patch_assessment_mode": "ImageDefault",
            "patch_mode": "AutomaticByOS",
            "plan": [],
            "platform_fault_domain": -1,
            "priority": "Regular",
            "private_ip_address": "10.123.2.4",
            "private_ip_addresses": [
              "10.123.2.4"
            ],
            "provision_vm_agent": true,
            "proximity_placement_group_id": "",
            "public_ip_address": "",
            "public_ip_addresses": [],
            "reboot_setting": "",
            "resource_group_name": "msimpson-sandbox",
            "secret": [],
            "secure_boot_enabled": false,
            "size": "Standard_B1ms",
            "source_image_id": "",
            "source_image_reference": [
              {
                "offer": "WindowsServer",
                "publisher": "MicrosoftWindowsServer",
                "sku": "2019-Datacenter",
                "version": "latest"
              }
            ],
            "tags": {
              "environment": "Dev-TFC"
            },
            "termination_notification": null,
            "timeouts": null,
            "timezone": "",
            "user_data": "",
            "virtual_machine_id": "b3fae8a4-f300-464b-a04f-e6c78f0238ae",
            "virtual_machine_scale_set_id": "",
            "vtpm_enabled": false,
            "winrm_listener": [],
            "zone": ""
          },
          "sensitive_attributes": [],
          "private": "eyJlMmJmYjczMC1lY2FhLTExZTYtOGY4OC0zNDM2M2JjN2M0YzAiOnsiY3JlYXRlIjoyNzAwMDAwMDAwMDAwLCJkZWxldGUiOjI3MDAwMDAwMDAwMDAsInJlYWQiOjMwMDAwMDAwMDAwMCwidXBkYXRlIjoyNzAwMDAwMDAwMDAwfX0=",
          "dependencies": [
            "azurerm_network_interface.msimpson-nic2",
            "azurerm_resource_group.msimpson",
            "azurerm_storage_account.msimpsonstorage02",
            "azurerm_subnet.msimpson-subnet2",
            "azurerm_virtual_network.msimpson-vnet",
            "random_id.random_id"
          ]
        }
      ]
    },
    {
      "mode": "managed",
      "type": "random_id",
      "name": "random_id",
      "provider": "provider[\"registry.terraform.io/hashicorp/random\"]",
      "instances": [
        {
          "schema_version": 0,
          "attributes": {
            "b64_std": "tVX2w6M3NE4=",
            "b64_url": "tVX2w6M3NE4",
            "byte_length": 8,
            "dec": "13066621214002721870",
            "hex": "b555f6c3a337344e",
            "id": "tVX2w6M3NE4",
            "keepers": {
              "resource_group": "msimpson-sandbox"
            },
            "prefix": null
          },
          "sensitive_attributes": [],
          "dependencies": [
            "azurerm_resource_group.msimpson"
          ]
        }
      ]
    }
  ],
  "check_results": null
}
