{
  "version": 4,
  "terraform_version": "1.6.5",
  "serial": 282,
  "lineage": "c0218c6d-d344-4419-e912-61e4caf999d8",
  "outputs": {
    "public_ip_address": {
      "value": "msimpson-linuxVM: 52.152.179.49",
      "type": "string"
    }
  },
  "resources": [
    {
      "mode": "managed",
      "type": "random_id",
      "name": "random_id",
      "provider": "provider[\"registry.terraform.io/hashicorp/random\"]",
      "instances": [
        {
          "schema_version": 0,
          "attributes": {
            "b64_std": "tVX2w6M3NE4=",
            "b64_url": "tVX2w6M3NE4",
            "byte_length": 8,
            "dec": "13066621214002721870",
            "hex": "b555f6c3a337344e",
            "id": "tVX2w6M3NE4",
            "keepers": {
              "resource_group": "msimpson-sandbox"
            },
            "prefix": null
          },
          "sensitive_attributes": [],
          "dependencies": [
            "azurerm_resource_group.msimpson"
          ]
        }
      ]
    }
  ],
  "check_results": null
}
