{
  "version": 4,
  "terraform_version": "1.6.5",
  "serial": 577,
  "lineage": "c0218c6d-d344-4419-e912-61e4caf999d8",
  "outputs": {
    "public_ip_address": {
      "value": "msimpson-linuxVM: 172.172.136.223",
      "type": "string"
    }
  },
  "resources": [
    {
      "mode": "data",
      "type": "azurerm_client_config",
      "name": "current",
      "provider": "provider[\"registry.terraform.io/hashicorp/azurerm\"]",
      "instances": [
        {
          "schema_version": 0,
          "attributes": {
            "client_id": "04b07795-8ddb-461a-bbee-02f9e1bf7b46",
            "id": "Y2xpZW50Q29uZmlncy9jbGllbnRJZD0wNGIwNzc5NS04ZGRiLTQ2MWEtYmJlZS0wMmY5ZTFiZjdiNDY7b2JqZWN0SWQ9NzZjMzFjZjYtZmMwNC00NmJmLWFkMjMtZjAyYTI2MjQxM2YxO3N1YnNjcmlwdGlvbklkPWM3NTllYjMyLWU5YzgtNGUxOS05ZjJmLWQwMzZjZjI1MGY1Yzt0ZW5hbnRJZD1mNGY5ZGM4ZS1lZjkwLTQ1YzAtYjJjOS0xMzNiYzI4NDA0YWM=",
            "object_id": "76c31cf6-fc04-46bf-ad23-f02a262413f1",
            "subscription_id": "c759eb32-e9c8-4e19-9f2f-d036cf250f5c",
            "tenant_id": "f4f9dc8e-ef90-45c0-b2c9-133bc28404ac",
            "timeouts": null
          },
          "sensitive_attributes": []
        }
      ]
    },
    {
      "mode": "data",
      "type": "azurerm_public_ip",
      "name": "msimpson-ipdata",
      "provider": "provider[\"registry.terraform.io/hashicorp/azurerm\"]",
      "instances": [
        {
          "schema_version": 0,
          "attributes": {
            "allocation_method": "Static",
            "ddos_protection_mode": "VirtualNetworkInherited",
            "ddos_protection_plan_id": null,
            "domain_name_label": "",
            "fqdn": "",
            "id": "/subscriptions/c759eb32-e9c8-4e19-9f2f-d036cf250f5c/resourceGroups/msimpson-sandbox/providers/Microsoft.Network/publicIPAddresses/msimpson-pip",
            "idle_timeout_in_minutes": 4,
            "ip_address": "172.172.136.223",
            "ip_tags": {},
            "ip_version": "IPv4",
            "location": "eastus",
            "name": "msimpson-pip",
            "resource_group_name": "msimpson-sandbox",
            "reverse_fqdn": "",
            "sku": "Basic",
            "tags": {
              "environment": "Dev-TFC"
            },
            "timeouts": null,
            "zones": []
          },
          "sensitive_attributes": []
        }
      ]
    },
    {
      "mode": "managed",
      "type": "azurerm_backup_policy_vm",
      "name": "msimpsonASR-vmbackuppolicy",
      "provider": "provider[\"registry.terraform.io/hashicorp/azurerm\"]",
      "instances": [
        {
          "schema_version": 0,
          "attributes": {
            "backup": [
              {
                "frequency": "Daily",
                "hour_duration": 0,
                "hour_interval": 0,
                "time": "23:00",
                "weekdays": null
              }
            ],
            "id": "/subscriptions/c759eb32-e9c8-4e19-9f2f-d036cf250f5c/resourceGroups/msimpson-sandbox/providers/Microsoft.RecoveryServices/vaults/msimpsonASR/backupPolicies/msimpsonASR-vmbackuppolicy",
            "instant_restore_resource_group": [],
            "instant_restore_retention_days": 2,
            "name": "msimpsonASR-vmbackuppolicy",
            "policy_type": "V1",
            "recovery_vault_name": "msimpsonASR",
            "resource_group_name": "msimpson-sandbox",
            "retention_daily": [
              {
                "count": 10
              }
            ],
            "retention_monthly": [
              {
                "count": 7,
                "days": null,
                "include_last_days": false,
                "weekdays": [
                  "Sunday"
                ],
                "weeks": [
                  "First"
                ]
              }
            ],
            "retention_weekly": [
              {
                "count": 42,
                "weekdays": [
                  "Sunday"
                ]
              }
            ],
            "retention_yearly": [
              {
                "count": 77,
                "days": null,
                "include_last_days": false,
                "months": [
                  "January"
                ],
                "weekdays": [
                  "Sunday"
                ],
                "weeks": [
                  "Last"
                ]
              }
            ],
            "timeouts": null,
            "timezone": "UTC"
          },
          "sensitive_attributes": [],
          "private": "eyJlMmJmYjczMC1lY2FhLTExZTYtOGY4OC0zNDM2M2JjN2M0YzAiOnsiY3JlYXRlIjoxODAwMDAwMDAwMDAwLCJkZWxldGUiOjE4MDAwMDAwMDAwMDAsInJlYWQiOjMwMDAwMDAwMDAwMCwidXBkYXRlIjoxODAwMDAwMDAwMDAwfX0=",
          "dependencies": [
            "azurerm_recovery_services_vault.msimpsonASR",
            "azurerm_resource_group.msimpson"
          ]
        }
      ]
    },
    {
      "mode": "managed",
      "type": "azurerm_key_vault",
      "name": "msimpsom-keyvault",
      "provider": "provider[\"registry.terraform.io/hashicorp/azurerm\"]",
      "instances": [
        {
          "schema_version": 2,
          "attributes": {
            "access_policy": [
              {
                "application_id": "",
                "certificate_permissions": null,
                "key_permissions": [
                  "Get"
                ],
                "object_id": "76c31cf6-fc04-46bf-ad23-f02a262413f1",
                "secret_permissions": [
                  "Get",
                  "Backup",
                  "Restore",
                  "List",
                  "Set",
                  "Delete",
                  "Purge",
                  "Recover"
                ],
                "storage_permissions": [
                  "Get"
                ],
                "tenant_id": "f4f9dc8e-ef90-45c0-b2c9-133bc28404ac"
              }
            ],
            "contact": [],
            "enable_rbac_authorization": false,
            "enabled_for_deployment": false,
            "enabled_for_disk_encryption": false,
            "enabled_for_template_deployment": false,
            "id": "/subscriptions/c759eb32-e9c8-4e19-9f2f-d036cf250f5c/resourceGroups/msimpson-sandbox/providers/Microsoft.KeyVault/vaults/msimpson-keyvault",
            "location": "eastus",
            "name": "msimpson-keyvault",
            "network_acls": [
              {
                "bypass": "AzureServices",
                "default_action": "Allow",
                "ip_rules": [],
                "virtual_network_subnet_ids": []
              }
            ],
            "public_network_access_enabled": true,
            "purge_protection_enabled": false,
            "resource_group_name": "msimpson-sandbox",
            "sku_name": "standard",
            "soft_delete_retention_days": 7,
            "tags": null,
            "tenant_id": "f4f9dc8e-ef90-45c0-b2c9-133bc28404ac",
            "timeouts": null,
            "vault_uri": "https://msimpson-keyvault.vault.azure.net/"
          },
          "sensitive_attributes": [],
          "private": "eyJlMmJmYjczMC1lY2FhLTExZTYtOGY4OC0zNDM2M2JjN2M0YzAiOnsiY3JlYXRlIjoxODAwMDAwMDAwMDAwLCJkZWxldGUiOjE4MDAwMDAwMDAwMDAsInJlYWQiOjMwMDAwMDAwMDAwMCwidXBkYXRlIjoxODAwMDAwMDAwMDAwfSwic2NoZW1hX3ZlcnNpb24iOiIyIn0=",
          "dependencies": [
            "azurerm_resource_group.msimpson",
            "data.azurerm_client_config.current"
          ]
        }
      ]
    },
    {
      "mode": "managed",
      "type": "azurerm_key_vault_secret",
      "name": "msimpson-LinuxKV",
      "provider": "provider[\"registry.terraform.io/hashicorp/azurerm\"]",
      "instances": [
        {
          "schema_version": 0,
          "attributes": {
            "content_type": "",
            "expiration_date": null,
            "id": "https://msimpson-keyvault.vault.azure.net/secrets/msimpson-LinuxKV/a7b530b92a74412c909f6732365e42ce",
            "key_vault_id": "/subscriptions/c759eb32-e9c8-4e19-9f2f-d036cf250f5c/resourceGroups/msimpson-sandbox/providers/Microsoft.KeyVault/vaults/msimpson-keyvault",
            "name": "msimpson-LinuxKV",
            "not_before_date": null,
            "resource_id": "/subscriptions/c759eb32-e9c8-4e19-9f2f-d036cf250f5c/resourceGroups/msimpson-sandbox/providers/Microsoft.KeyVault/vaults/msimpson-keyvault/secrets/msimpson-LinuxKV/versions/a7b530b92a74412c909f6732365e42ce",
            "resource_versionless_id": "/subscriptions/c759eb32-e9c8-4e19-9f2f-d036cf250f5c/resourceGroups/msimpson-sandbox/providers/Microsoft.KeyVault/vaults/msimpson-keyvault/secrets/msimpson-LinuxKV",
            "tags": null,
            "timeouts": null,
            "value": "C0r3t3k!C0r3t3k!",
            "version": "a7b530b92a74412c909f6732365e42ce",
            "versionless_id": "https://msimpson-keyvault.vault.azure.net/secrets/msimpson-LinuxKV"
          },
          "sensitive_attributes": [],
          "private": "eyJlMmJmYjczMC1lY2FhLTExZTYtOGY4OC0zNDM2M2JjN2M0YzAiOnsiY3JlYXRlIjoxODAwMDAwMDAwMDAwLCJkZWxldGUiOjE4MDAwMDAwMDAwMDAsInJlYWQiOjE4MDAwMDAwMDAwMDAsInVwZGF0ZSI6MTgwMDAwMDAwMDAwMH19",
          "dependencies": [
            "azurerm_key_vault.msimpsom-keyvault",
            "azurerm_resource_group.msimpson",
            "data.azurerm_client_config.current"
          ]
        }
      ]
    },
    {
      "mode": "managed",
      "type": "azurerm_key_vault_secret",
      "name": "msimpson-WindowsKV",
      "provider": "provider[\"registry.terraform.io/hashicorp/azurerm\"]",
      "instances": [
        {
          "schema_version": 0,
          "attributes": {
            "content_type": "",
            "expiration_date": null,
            "id": "https://msimpson-keyvault.vault.azure.net/secrets/msimpson-WindowsKV/8e8e1e0fab414fa9963d598dc8d8929b",
            "key_vault_id": "/subscriptions/c759eb32-e9c8-4e19-9f2f-d036cf250f5c/resourceGroups/msimpson-sandbox/providers/Microsoft.KeyVault/vaults/msimpson-keyvault",
            "name": "msimpson-WindowsKV",
            "not_before_date": null,
            "resource_id": "/subscriptions/c759eb32-e9c8-4e19-9f2f-d036cf250f5c/resourceGroups/msimpson-sandbox/providers/Microsoft.KeyVault/vaults/msimpson-keyvault/secrets/msimpson-WindowsKV/versions/8e8e1e0fab414fa9963d598dc8d8929b",
            "resource_versionless_id": "/subscriptions/c759eb32-e9c8-4e19-9f2f-d036cf250f5c/resourceGroups/msimpson-sandbox/providers/Microsoft.KeyVault/vaults/msimpson-keyvault/secrets/msimpson-WindowsKV",
            "tags": null,
            "timeouts": null,
            "value": "C0r3t3k!C0r3t3k!",
            "version": "8e8e1e0fab414fa9963d598dc8d8929b",
            "versionless_id": "https://msimpson-keyvault.vault.azure.net/secrets/msimpson-WindowsKV"
          },
          "sensitive_attributes": [],
          "private": "eyJlMmJmYjczMC1lY2FhLTExZTYtOGY4OC0zNDM2M2JjN2M0YzAiOnsiY3JlYXRlIjoxODAwMDAwMDAwMDAwLCJkZWxldGUiOjE4MDAwMDAwMDAwMDAsInJlYWQiOjE4MDAwMDAwMDAwMDAsInVwZGF0ZSI6MTgwMDAwMDAwMDAwMH19",
          "dependencies": [
            "azurerm_key_vault.msimpsom-keyvault",
            "azurerm_resource_group.msimpson",
            "data.azurerm_client_config.current"
          ]
        }
      ]
    },
    {
      "mode": "managed",
      "type": "azurerm_lb",
      "name": "msimpson-lb",
      "provider": "provider[\"registry.terraform.io/hashicorp/azurerm\"]",
      "instances": [
        {
          "schema_version": 0,
          "attributes": {
            "edge_zone": "",
            "frontend_ip_configuration": [
              {
                "gateway_load_balancer_frontend_ip_configuration_id": "",
                "id": "/subscriptions/c759eb32-e9c8-4e19-9f2f-d036cf250f5c/resourceGroups/msimpson-sandbox/providers/Microsoft.Network/loadBalancers/msimpson-lb/frontendIPConfigurations/msimpson-PublicIPAddress",
                "inbound_nat_rules": [],
                "load_balancer_rules": [],
                "name": "msimpson-PublicIPAddress",
                "outbound_rules": [],
                "private_ip_address": "",
                "private_ip_address_allocation": "Dynamic",
                "private_ip_address_version": "",
                "public_ip_address_id": "/subscriptions/c759eb32-e9c8-4e19-9f2f-d036cf250f5c/resourceGroups/msimpson-sandbox/providers/Microsoft.Network/publicIPAddresses/msimpson-lbpip",
                "public_ip_prefix_id": "",
                "subnet_id": "",
                "zones": null
              }
            ],
            "id": "/subscriptions/c759eb32-e9c8-4e19-9f2f-d036cf250f5c/resourceGroups/msimpson-sandbox/providers/Microsoft.Network/loadBalancers/msimpson-lb",
            "location": "eastus",
            "name": "msimpson-lb",
            "private_ip_address": "",
            "private_ip_addresses": [],
            "resource_group_name": "msimpson-sandbox",
            "sku": "Basic",
            "sku_tier": "Regional",
            "tags": {
              "environment": "Dev-TFC"
            },
            "timeouts": null
          },
          "sensitive_attributes": [],
          "private": "eyJlMmJmYjczMC1lY2FhLTExZTYtOGY4OC0zNDM2M2JjN2M0YzAiOnsiY3JlYXRlIjoxODAwMDAwMDAwMDAwLCJkZWxldGUiOjE4MDAwMDAwMDAwMDAsInJlYWQiOjMwMDAwMDAwMDAwMCwidXBkYXRlIjoxODAwMDAwMDAwMDAwfX0=",
          "dependencies": [
            "azurerm_public_ip.msimpson-lbpip",
            "azurerm_resource_group.msimpson"
          ]
        }
      ]
    },
    {
      "mode": "managed",
      "type": "azurerm_lb_backend_address_pool",
      "name": "msimpson-lbbackendpool",
      "provider": "provider[\"registry.terraform.io/hashicorp/azurerm\"]",
      "instances": [
        {
          "schema_version": 0,
          "attributes": {
            "backend_ip_configurations": [],
            "id": "/subscriptions/c759eb32-e9c8-4e19-9f2f-d036cf250f5c/resourceGroups/msimpson-sandbox/providers/Microsoft.Network/loadBalancers/msimpson-lb/backendAddressPools/msimpson-lbbackendpool",
            "inbound_nat_rules": [],
            "load_balancing_rules": [],
            "loadbalancer_id": "/subscriptions/c759eb32-e9c8-4e19-9f2f-d036cf250f5c/resourceGroups/msimpson-sandbox/providers/Microsoft.Network/loadBalancers/msimpson-lb",
            "name": "msimpson-lbbackendpool",
            "outbound_rules": [],
            "timeouts": null,
            "tunnel_interface": [],
            "virtual_network_id": ""
          },
          "sensitive_attributes": [],
          "private": "eyJlMmJmYjczMC1lY2FhLTExZTYtOGY4OC0zNDM2M2JjN2M0YzAiOnsiY3JlYXRlIjoxODAwMDAwMDAwMDAwLCJkZWxldGUiOjE4MDAwMDAwMDAwMDAsInJlYWQiOjMwMDAwMDAwMDAwMCwidXBkYXRlIjoxODAwMDAwMDAwMDAwfX0=",
          "dependencies": [
            "azurerm_lb.msimpson-lb",
            "azurerm_public_ip.msimpson-lbpip",
            "azurerm_resource_group.msimpson"
          ]
        }
      ]
    },
    {
      "mode": "managed",
      "type": "azurerm_lb_probe",
      "name": "msimpson-lbprobe",
      "provider": "provider[\"registry.terraform.io/hashicorp/azurerm\"]",
      "instances": [
        {
          "schema_version": 0,
          "attributes": {
            "id": "/subscriptions/c759eb32-e9c8-4e19-9f2f-d036cf250f5c/resourceGroups/msimpson-sandbox/providers/Microsoft.Network/loadBalancers/msimpson-lb/probes/msimpson-lbprobe",
            "interval_in_seconds": 15,
            "load_balancer_rules": [],
            "loadbalancer_id": "/subscriptions/c759eb32-e9c8-4e19-9f2f-d036cf250f5c/resourceGroups/msimpson-sandbox/providers/Microsoft.Network/loadBalancers/msimpson-lb",
            "name": "msimpson-lbprobe",
            "number_of_probes": 2,
            "port": 80,
            "probe_threshold": 1,
            "protocol": "Tcp",
            "request_path": "",
            "timeouts": null
          },
          "sensitive_attributes": [],
          "private": "eyJlMmJmYjczMC1lY2FhLTExZTYtOGY4OC0zNDM2M2JjN2M0YzAiOnsiY3JlYXRlIjoxODAwMDAwMDAwMDAwLCJkZWxldGUiOjE4MDAwMDAwMDAwMDAsInJlYWQiOjMwMDAwMDAwMDAwMCwidXBkYXRlIjoxODAwMDAwMDAwMDAwfX0=",
          "dependencies": [
            "azurerm_lb.msimpson-lb",
            "azurerm_public_ip.msimpson-lbpip",
            "azurerm_resource_group.msimpson"
          ]
        }
      ]
    },
    {
      "mode": "managed",
      "type": "azurerm_lb_rule",
      "name": "msimpson-lbrule",
      "provider": "provider[\"registry.terraform.io/hashicorp/azurerm\"]",
      "instances": [
        {
          "schema_version": 0,
          "attributes": {
            "backend_address_pool_ids": null,
            "backend_port": 80,
            "disable_outbound_snat": false,
            "enable_floating_ip": false,
            "enable_tcp_reset": false,
            "frontend_ip_configuration_id": "/subscriptions/c759eb32-e9c8-4e19-9f2f-d036cf250f5c/resourceGroups/msimpson-sandbox/providers/Microsoft.Network/loadBalancers/msimpson-lb/frontendIPConfigurations/msimpson-PublicIPAddress",
            "frontend_ip_configuration_name": "msimpson-PublicIPAddress",
            "frontend_port": 80,
            "id": "/subscriptions/c759eb32-e9c8-4e19-9f2f-d036cf250f5c/resourceGroups/msimpson-sandbox/providers/Microsoft.Network/loadBalancers/msimpson-lb/loadBalancingRules/msimpson-lbrule",
            "idle_timeout_in_minutes": 4,
            "load_distribution": "Default",
            "loadbalancer_id": "/subscriptions/c759eb32-e9c8-4e19-9f2f-d036cf250f5c/resourceGroups/msimpson-sandbox/providers/Microsoft.Network/loadBalancers/msimpson-lb",
            "name": "msimpson-lbrule",
            "probe_id": "",
            "protocol": "Tcp",
            "timeouts": null
          },
          "sensitive_attributes": [],
          "private": "eyJlMmJmYjczMC1lY2FhLTExZTYtOGY4OC0zNDM2M2JjN2M0YzAiOnsiY3JlYXRlIjoxODAwMDAwMDAwMDAwLCJkZWxldGUiOjE4MDAwMDAwMDAwMDAsInJlYWQiOjMwMDAwMDAwMDAwMCwidXBkYXRlIjoxODAwMDAwMDAwMDAwfX0=",
          "dependencies": [
            "azurerm_lb.msimpson-lb",
            "azurerm_public_ip.msimpson-lbpip",
            "azurerm_resource_group.msimpson"
          ]
        }
      ]
    },
    {
      "mode": "managed",
      "type": "azurerm_linux_virtual_machine",
      "name": "msimpson-linuxVM",
      "provider": "provider[\"registry.terraform.io/hashicorp/azurerm\"]",
      "instances": [
        {
          "schema_version": 0,
          "attributes": {
            "additional_capabilities": [],
            "admin_password": "C0r3t3k!C0r3t3k!",
            "admin_ssh_key": [
              {
                "public_key": "ssh-rsa AAAAB3NzaC1yc2EAAAADAQABAAABgQDwh2FI5xvC4FgOKrXvVn34zXQeHL7+NZe5bOvT2e5lVaHcAT1AokZJnyabK4mP7aQZ6UXscvQHTR1TZRpREooEnsBIifu6t/sNavGkfydOxYS90V7mc1eL2bpLV/Muby7k7iQy4jE1uEUeYqCva0Wd0SBjScBZv9pZyuO7emUKrIa0hjm5nixN+fAvUqmIbsa6CfUp1a8tHof8Vys1PAnCvfMdZuOUpH8JPlyUhDZ5VV59VXvDrNWKD0MA6GUPa+NCivzcY/cbVMlqr1u8aUdgQwhwgJlpkDyrNIEmbX5l7li3OUttsz7YogMcRaPbB/vLLa/+AYCPoHBSLhDbupStcPo9tDIqQASdfQu7fuwYnlbqaskn8OavrgoQNRlI5kRrmuVsXOXJ09KZk6GNnUWprLNWklb2n8PlUqoHAwlHPjfRRqa8LF2WFbJOxSE0vPu1FNmlXaFWwKT4LS84ziwLYQzucnWd82Mua78SgSJgXlg+RX7CRVznr0Dn0at+IhE= coretek\\michael.simpson@D-6T43ZW3-1995\r\n",
                "username": "setupadmin"
              }
            ],
            "admin_username": "setupadmin",
            "allow_extension_operations": true,
            "availability_set_id": "",
            "boot_diagnostics": [
              {
                "storage_account_uri": "https://msimp84f40ec1058a8e4c.blob.core.windows.net/"
              }
            ],
            "bypass_platform_safety_checks_on_user_schedule_enabled": false,
            "capacity_reservation_group_id": "",
            "computer_name": "msimpson-linuxVM",
            "custom_data": "IyEvYmluL2Jhc2gNCnN1ZG8gYXB0LWdldCB1cGRhdGUgLXkgJiYNCnN1ZG8gYXB0LWdldCB1cGRhdGUgLXkgXA0KYXB0LXRyYW5zcG9ydC1odHRwcyBcDQpjYS1jZXJ0aWZpY2F0ZXMgXCANCmN1cmwgXA0KZ251cGctYWdlbnQgXA0Kc29mdHdhcmUtcHJvcGVydGllcy1jb21tb24gJiYNCmN1cmwgLSBmc1NMIGh0dHBzOi8vZG93bmxvYWQuZG9ja2VyLmNvbS9saW51eC91YnVudHUvZ3BnIHwgc3VkbyBhcHQta2V5IGFkZCAtICYmDQpzdWRvIGFkZC1hcHQtcmVwb3NpdG9yeSAiZGViIFthcmNoPWFtZDY0XSBodHRwczovL2Rvd25sb2FkLmRvY2tlci5jb20vbGludXgvdWJ1bnR1ICQobHNiX3JlbGVhc2UgLWNzKSBzdGFibGUiICYmDQpzdWRvIGFwdC1nZXQgdXBkYXRlIC15ICYmDQpzdWRvIHN1ZG8gYXB0LWdldCBpbnN0YWxsIGRvY2tlci1jZSBkb2NrZXItY2UtY2xpIGNvbnRhaW5lcmQuaW8gLXkgJiYNCnN1ZG8gdXNlcm1vZCAtYUcgZG9ja2VyIHVidW50dQ==",
            "dedicated_host_group_id": "",
            "dedicated_host_id": "",
            "disable_password_authentication": false,
            "edge_zone": "",
            "encryption_at_host_enabled": false,
            "eviction_policy": "",
            "extensions_time_budget": "PT1H30M",
            "gallery_application": [],
            "id": "/subscriptions/c759eb32-e9c8-4e19-9f2f-d036cf250f5c/resourceGroups/msimpson-sandbox/providers/Microsoft.Compute/virtualMachines/msimpson-linuxVM",
            "identity": [],
            "license_type": "",
            "location": "eastus",
            "max_bid_price": -1,
            "name": "msimpson-linuxVM",
            "network_interface_ids": [
              "/subscriptions/c759eb32-e9c8-4e19-9f2f-d036cf250f5c/resourceGroups/msimpson-sandbox/providers/Microsoft.Network/networkInterfaces/msimpson-nic"
            ],
            "os_disk": [
              {
                "caching": "ReadWrite",
                "diff_disk_settings": [],
                "disk_encryption_set_id": "",
                "disk_size_gb": 30,
                "name": "msimpson-linuxVM_OsDisk_1_87bd071e12554e8099c6a84233c39a24",
                "secure_vm_disk_encryption_set_id": "",
                "security_encryption_type": "",
                "storage_account_type": "Standard_LRS",
                "write_accelerator_enabled": false
              }
            ],
            "patch_assessment_mode": "ImageDefault",
            "patch_mode": "ImageDefault",
            "plan": [],
            "platform_fault_domain": -1,
            "priority": "Regular",
            "private_ip_address": "10.123.1.4",
            "private_ip_addresses": [
              "10.123.1.4"
            ],
            "provision_vm_agent": true,
            "proximity_placement_group_id": "",
            "public_ip_address": "172.172.136.223",
            "public_ip_addresses": [
              "172.172.136.223"
            ],
            "reboot_setting": "",
            "resource_group_name": "msimpson-sandbox",
            "secret": [],
            "secure_boot_enabled": false,
            "size": "Standard_B1ms",
            "source_image_id": "",
            "source_image_reference": [
              {
                "offer": "UbuntuServer",
                "publisher": "Canonical",
                "sku": "16.04-LTS",
                "version": "latest"
              }
            ],
            "tags": {
              "environment": "Dev-TFC"
            },
            "termination_notification": null,
            "timeouts": null,
            "user_data": "",
            "virtual_machine_id": "430f89f1-7c85-428f-9793-e07c47436095",
            "virtual_machine_scale_set_id": "",
            "vtpm_enabled": false,
            "zone": ""
          },
          "sensitive_attributes": [
            [
              {
                "type": "get_attr",
                "value": "admin_password"
              }
            ]
          ],
          "private": "eyJlMmJmYjczMC1lY2FhLTExZTYtOGY4OC0zNDM2M2JjN2M0YzAiOnsiY3JlYXRlIjoyNzAwMDAwMDAwMDAwLCJkZWxldGUiOjI3MDAwMDAwMDAwMDAsInJlYWQiOjMwMDAwMDAwMDAwMCwidXBkYXRlIjoyNzAwMDAwMDAwMDAwfX0=",
          "dependencies": [
            "azurerm_key_vault.msimpsom-keyvault",
            "azurerm_key_vault_secret.msimpson-LinuxKV",
            "azurerm_network_interface.msimpson-nic",
            "azurerm_network_interface.msimpson-niclb",
            "azurerm_public_ip.msimpson-pip",
            "azurerm_resource_group.msimpson",
            "azurerm_storage_account.msimpsonstorage02",
            "azurerm_subnet.msimpson-subnet",
            "azurerm_virtual_network.msimpson-vnet",
            "data.azurerm_client_config.current",
            "random_id.random_id"
          ]
        }
      ]
    },
    {
      "mode": "managed",
      "type": "azurerm_network_interface",
      "name": "msimpson-nic",
      "provider": "provider[\"registry.terraform.io/hashicorp/azurerm\"]",
      "instances": [
        {
          "schema_version": 0,
          "attributes": {
            "applied_dns_servers": [],
            "auxiliary_mode": "",
            "auxiliary_sku": "",
            "dns_servers": [],
            "edge_zone": "",
            "enable_accelerated_networking": false,
            "enable_ip_forwarding": false,
            "id": "/subscriptions/c759eb32-e9c8-4e19-9f2f-d036cf250f5c/resourceGroups/msimpson-sandbox/providers/Microsoft.Network/networkInterfaces/msimpson-nic",
            "internal_dns_name_label": "",
            "internal_domain_name_suffix": "i2s5gpghzbqenfwnsi5evg1lpg.bx.internal.cloudapp.net",
            "ip_configuration": [
              {
                "gateway_load_balancer_frontend_ip_configuration_id": "",
                "name": "internal",
                "primary": true,
                "private_ip_address": "10.123.1.4",
                "private_ip_address_allocation": "Dynamic",
                "private_ip_address_version": "IPv4",
                "public_ip_address_id": "/subscriptions/c759eb32-e9c8-4e19-9f2f-d036cf250f5c/resourceGroups/msimpson-sandbox/providers/Microsoft.Network/publicIPAddresses/msimpson-pip",
                "subnet_id": "/subscriptions/c759eb32-e9c8-4e19-9f2f-d036cf250f5c/resourceGroups/msimpson-sandbox/providers/Microsoft.Network/virtualNetworks/msimpson-vnet/subnets/msimpson-subnet"
              }
            ],
            "location": "eastus",
            "mac_address": "",
            "name": "msimpson-nic",
            "private_ip_address": "10.123.1.4",
            "private_ip_addresses": [
              "10.123.1.4"
            ],
            "resource_group_name": "msimpson-sandbox",
            "tags": {
              "environment": "Dev-TFC"
            },
            "timeouts": null,
            "virtual_machine_id": ""
          },
          "sensitive_attributes": [],
          "private": "eyJlMmJmYjczMC1lY2FhLTExZTYtOGY4OC0zNDM2M2JjN2M0YzAiOnsiY3JlYXRlIjoxODAwMDAwMDAwMDAwLCJkZWxldGUiOjE4MDAwMDAwMDAwMDAsInJlYWQiOjMwMDAwMDAwMDAwMCwidXBkYXRlIjoxODAwMDAwMDAwMDAwfX0=",
          "dependencies": [
            "azurerm_public_ip.msimpson-pip",
            "azurerm_resource_group.msimpson",
            "azurerm_subnet.msimpson-subnet",
            "azurerm_virtual_network.msimpson-vnet"
          ]
        }
      ]
    },
    {
      "mode": "managed",
      "type": "azurerm_network_interface",
      "name": "msimpson-nic2",
      "provider": "provider[\"registry.terraform.io/hashicorp/azurerm\"]",
      "instances": [
        {
          "schema_version": 0,
          "attributes": {
            "applied_dns_servers": [],
            "auxiliary_mode": "",
            "auxiliary_sku": "",
            "dns_servers": [],
            "edge_zone": "",
            "enable_accelerated_networking": false,
            "enable_ip_forwarding": false,
            "id": "/subscriptions/c759eb32-e9c8-4e19-9f2f-d036cf250f5c/resourceGroups/msimpson-sandbox/providers/Microsoft.Network/networkInterfaces/msimpson-nic2",
            "internal_dns_name_label": "",
            "internal_domain_name_suffix": "i2s5gpghzbqenfwnsi5evg1lpg.bx.internal.cloudapp.net",
            "ip_configuration": [
              {
                "gateway_load_balancer_frontend_ip_configuration_id": "",
                "name": "internal",
                "primary": true,
                "private_ip_address": "10.123.2.4",
                "private_ip_address_allocation": "Dynamic",
                "private_ip_address_version": "IPv4",
                "public_ip_address_id": "",
                "subnet_id": "/subscriptions/c759eb32-e9c8-4e19-9f2f-d036cf250f5c/resourceGroups/msimpson-sandbox/providers/Microsoft.Network/virtualNetworks/msimpson-vnet/subnets/msimpson-subnet2"
              }
            ],
            "location": "eastus",
            "mac_address": "",
            "name": "msimpson-nic2",
            "private_ip_address": "10.123.2.4",
            "private_ip_addresses": [
              "10.123.2.4"
            ],
            "resource_group_name": "msimpson-sandbox",
            "tags": {
              "environment": "Dev-TFC"
            },
            "timeouts": null,
            "virtual_machine_id": ""
          },
          "sensitive_attributes": [],
          "private": "eyJlMmJmYjczMC1lY2FhLTExZTYtOGY4OC0zNDM2M2JjN2M0YzAiOnsiY3JlYXRlIjoxODAwMDAwMDAwMDAwLCJkZWxldGUiOjE4MDAwMDAwMDAwMDAsInJlYWQiOjMwMDAwMDAwMDAwMCwidXBkYXRlIjoxODAwMDAwMDAwMDAwfX0=",
          "dependencies": [
            "azurerm_resource_group.msimpson",
            "azurerm_subnet.msimpson-subnet2",
            "azurerm_virtual_network.msimpson-vnet"
          ]
        }
      ]
    },
    {
      "mode": "managed",
      "type": "azurerm_network_interface",
      "name": "msimpson-niclb",
      "provider": "provider[\"registry.terraform.io/hashicorp/azurerm\"]",
      "instances": [
        {
          "schema_version": 0,
          "attributes": {
            "applied_dns_servers": [],
            "auxiliary_mode": "",
            "auxiliary_sku": "",
            "dns_servers": [],
            "edge_zone": "",
            "enable_accelerated_networking": false,
            "enable_ip_forwarding": false,
            "id": "/subscriptions/c759eb32-e9c8-4e19-9f2f-d036cf250f5c/resourceGroups/msimpson-sandbox/providers/Microsoft.Network/networkInterfaces/msimpson-nic",
            "internal_dns_name_label": "",
            "internal_domain_name_suffix": "i2s5gpghzbqenfwnsi5evg1lpg.bx.internal.cloudapp.net",
            "ip_configuration": [
              {
                "gateway_load_balancer_frontend_ip_configuration_id": "",
                "name": "internal",
                "primary": true,
                "private_ip_address": "10.123.1.4",
                "private_ip_address_allocation": "Dynamic",
                "private_ip_address_version": "IPv4",
                "public_ip_address_id": "",
                "subnet_id": "/subscriptions/c759eb32-e9c8-4e19-9f2f-d036cf250f5c/resourceGroups/msimpson-sandbox/providers/Microsoft.Network/virtualNetworks/msimpson-vnet/subnets/msimpson-subnet"
              }
            ],
            "location": "eastus",
            "mac_address": "",
            "name": "msimpson-nic",
            "private_ip_address": "10.123.1.4",
            "private_ip_addresses": [
              "10.123.1.4"
            ],
            "resource_group_name": "msimpson-sandbox",
            "tags": {
              "environment": "Dev-TFC"
            },
            "timeouts": null,
            "virtual_machine_id": ""
          },
          "sensitive_attributes": [],
          "private": "eyJlMmJmYjczMC1lY2FhLTExZTYtOGY4OC0zNDM2M2JjN2M0YzAiOnsiY3JlYXRlIjoxODAwMDAwMDAwMDAwLCJkZWxldGUiOjE4MDAwMDAwMDAwMDAsInJlYWQiOjMwMDAwMDAwMDAwMCwidXBkYXRlIjoxODAwMDAwMDAwMDAwfX0=",
          "dependencies": [
            "azurerm_resource_group.msimpson",
            "azurerm_subnet.msimpson-subnet",
            "azurerm_virtual_network.msimpson-vnet"
          ]
        }
      ]
    },
    {
      "mode": "managed",
      "type": "azurerm_network_security_group",
      "name": "msimpson-SG",
      "provider": "provider[\"registry.terraform.io/hashicorp/azurerm\"]",
      "instances": [
        {
          "schema_version": 0,
          "attributes": {
            "id": "/subscriptions/c759eb32-e9c8-4e19-9f2f-d036cf250f5c/resourceGroups/msimpson-sandbox/providers/Microsoft.Network/networkSecurityGroups/msimpson-SG",
            "location": "eastus",
            "name": "msimpson-SG",
            "resource_group_name": "msimpson-sandbox",
            "security_rule": [],
            "tags": {
              "environment": "Dev-TFC"
            },
            "timeouts": null
          },
          "sensitive_attributes": [],
          "private": "eyJlMmJmYjczMC1lY2FhLTExZTYtOGY4OC0zNDM2M2JjN2M0YzAiOnsiY3JlYXRlIjoxODAwMDAwMDAwMDAwLCJkZWxldGUiOjE4MDAwMDAwMDAwMDAsInJlYWQiOjMwMDAwMDAwMDAwMCwidXBkYXRlIjoxODAwMDAwMDAwMDAwfX0=",
          "dependencies": [
            "azurerm_resource_group.msimpson"
          ]
        }
      ]
    },
    {
      "mode": "managed",
      "type": "azurerm_network_security_rule",
      "name": "msimpson-rule",
      "provider": "provider[\"registry.terraform.io/hashicorp/azurerm\"]",
      "instances": [
        {
          "schema_version": 0,
          "attributes": {
            "access": "Allow",
            "description": "",
            "destination_address_prefix": "*",
            "destination_address_prefixes": null,
            "destination_application_security_group_ids": null,
            "destination_port_range": "*",
            "destination_port_ranges": null,
            "direction": "Inbound",
            "id": "/subscriptions/c759eb32-e9c8-4e19-9f2f-d036cf250f5c/resourceGroups/msimpson-sandbox/providers/Microsoft.Network/networkSecurityGroups/msimpson-SG/securityRules/msimpson-rule",
            "name": "msimpson-rule",
            "network_security_group_name": "msimpson-SG",
            "priority": 100,
            "protocol": "*",
            "resource_group_name": "msimpson-sandbox",
            "source_address_prefix": "*",
            "source_address_prefixes": null,
            "source_application_security_group_ids": null,
            "source_port_range": "*",
            "source_port_ranges": null,
            "timeouts": null
          },
          "sensitive_attributes": [],
          "private": "eyJlMmJmYjczMC1lY2FhLTExZTYtOGY4OC0zNDM2M2JjN2M0YzAiOnsiY3JlYXRlIjoxODAwMDAwMDAwMDAwLCJkZWxldGUiOjE4MDAwMDAwMDAwMDAsInJlYWQiOjMwMDAwMDAwMDAwMCwidXBkYXRlIjoxODAwMDAwMDAwMDAwfX0=",
          "dependencies": [
            "azurerm_network_security_group.msimpson-SG",
            "azurerm_resource_group.msimpson"
          ]
        }
      ]
    },
    {
      "mode": "managed",
      "type": "azurerm_public_ip",
      "name": "msimpson-lbpip",
      "provider": "provider[\"registry.terraform.io/hashicorp/azurerm\"]",
      "instances": [
        {
          "schema_version": 0,
          "attributes": {
            "allocation_method": "Static",
            "ddos_protection_mode": "VirtualNetworkInherited",
            "ddos_protection_plan_id": null,
            "domain_name_label": null,
            "edge_zone": "",
            "fqdn": null,
            "id": "/subscriptions/c759eb32-e9c8-4e19-9f2f-d036cf250f5c/resourceGroups/msimpson-sandbox/providers/Microsoft.Network/publicIPAddresses/msimpson-lbpip",
            "idle_timeout_in_minutes": 4,
            "ip_address": "172.172.136.203",
            "ip_tags": null,
            "ip_version": "IPv4",
            "location": "eastus",
            "name": "msimpson-lbpip",
            "public_ip_prefix_id": null,
            "resource_group_name": "msimpson-sandbox",
            "reverse_fqdn": null,
            "sku": "Basic",
            "sku_tier": "Regional",
            "tags": {
              "environment": "Dev-TFC"
            },
            "timeouts": null,
            "zones": null
          },
          "sensitive_attributes": [],
          "private": "eyJlMmJmYjczMC1lY2FhLTExZTYtOGY4OC0zNDM2M2JjN2M0YzAiOnsiY3JlYXRlIjoxODAwMDAwMDAwMDAwLCJkZWxldGUiOjE4MDAwMDAwMDAwMDAsInJlYWQiOjMwMDAwMDAwMDAwMCwidXBkYXRlIjoxODAwMDAwMDAwMDAwfX0=",
          "dependencies": [
            "azurerm_resource_group.msimpson"
          ]
        }
      ]
    },
    {
      "mode": "managed",
      "type": "azurerm_public_ip",
      "name": "msimpson-pip",
      "provider": "provider[\"registry.terraform.io/hashicorp/azurerm\"]",
      "instances": [
        {
          "schema_version": 0,
          "attributes": {
            "allocation_method": "Static",
            "ddos_protection_mode": "VirtualNetworkInherited",
            "ddos_protection_plan_id": null,
            "domain_name_label": null,
            "edge_zone": "",
            "fqdn": null,
            "id": "/subscriptions/c759eb32-e9c8-4e19-9f2f-d036cf250f5c/resourceGroups/msimpson-sandbox/providers/Microsoft.Network/publicIPAddresses/msimpson-pip",
            "idle_timeout_in_minutes": 4,
            "ip_address": "172.172.136.223",
            "ip_tags": null,
            "ip_version": "IPv4",
            "location": "eastus",
            "name": "msimpson-pip",
            "public_ip_prefix_id": null,
            "resource_group_name": "msimpson-sandbox",
            "reverse_fqdn": null,
            "sku": "Basic",
            "sku_tier": "Regional",
            "tags": {
              "environment": "Dev-TFC"
            },
            "timeouts": null,
            "zones": null
          },
          "sensitive_attributes": [],
          "private": "eyJlMmJmYjczMC1lY2FhLTExZTYtOGY4OC0zNDM2M2JjN2M0YzAiOnsiY3JlYXRlIjoxODAwMDAwMDAwMDAwLCJkZWxldGUiOjE4MDAwMDAwMDAwMDAsInJlYWQiOjMwMDAwMDAwMDAwMCwidXBkYXRlIjoxODAwMDAwMDAwMDAwfX0=",
          "dependencies": [
            "azurerm_resource_group.msimpson"
          ]
        }
      ]
    },
    {
      "mode": "managed",
      "type": "azurerm_recovery_services_vault",
      "name": "msimpsonASR",
      "provider": "provider[\"registry.terraform.io/hashicorp/azurerm\"]",
      "instances": [
        {
          "schema_version": 0,
          "attributes": {
            "classic_vmware_replication_enabled": null,
            "cross_region_restore_enabled": false,
            "encryption": [],
            "id": "/subscriptions/c759eb32-e9c8-4e19-9f2f-d036cf250f5c/resourceGroups/msimpson-sandbox/providers/Microsoft.RecoveryServices/vaults/msimpsonASR",
            "identity": [],
            "immutability": null,
            "location": "eastus",
            "monitoring": [],
            "name": "msimpsonASR",
            "public_network_access_enabled": true,
            "resource_group_name": "msimpson-sandbox",
            "sku": "Standard",
            "soft_delete_enabled": true,
            "storage_mode_type": "GeoRedundant",
            "tags": {
              "environment": "Dev-TFC"
            },
            "timeouts": null
          },
          "sensitive_attributes": [],
          "private": "eyJlMmJmYjczMC1lY2FhLTExZTYtOGY4OC0zNDM2M2JjN2M0YzAiOnsiY3JlYXRlIjo3MjAwMDAwMDAwMDAwLCJkZWxldGUiOjE4MDAwMDAwMDAwMDAsInJlYWQiOjMwMDAwMDAwMDAwMCwidXBkYXRlIjozNjAwMDAwMDAwMDAwfX0=",
          "dependencies": [
            "azurerm_resource_group.msimpson"
          ]
        }
      ]
    },
    {
      "mode": "managed",
      "type": "azurerm_resource_group",
      "name": "msimpson",
      "provider": "provider[\"registry.terraform.io/hashicorp/azurerm\"]",
      "instances": [
        {
          "schema_version": 0,
          "attributes": {
            "id": "/subscriptions/c759eb32-e9c8-4e19-9f2f-d036cf250f5c/resourceGroups/msimpson-sandbox",
            "location": "eastus",
            "managed_by": "",
            "name": "msimpson-sandbox",
            "tags": {
              "environment": "Dev-TFC"
            },
            "timeouts": null
          },
          "sensitive_attributes": [],
          "private": "eyJlMmJmYjczMC1lY2FhLTExZTYtOGY4OC0zNDM2M2JjN2M0YzAiOnsiY3JlYXRlIjo1NDAwMDAwMDAwMDAwLCJkZWxldGUiOjU0MDAwMDAwMDAwMDAsInJlYWQiOjMwMDAwMDAwMDAwMCwidXBkYXRlIjo1NDAwMDAwMDAwMDAwfX0="
        }
      ]
    },
    {
      "mode": "managed",
      "type": "azurerm_storage_account",
      "name": "msimpsonstorage02",
      "provider": "provider[\"registry.terraform.io/hashicorp/azurerm\"]",
      "instances": [
        {
          "schema_version": 4,
          "attributes": {
            "access_tier": "Hot",
            "account_kind": "StorageV2",
            "account_replication_type": "LRS",
            "account_tier": "Standard",
            "allow_nested_items_to_be_public": true,
            "allowed_copy_scope": "",
            "azure_files_authentication": [],
            "blob_properties": [
              {
                "change_feed_enabled": false,
                "change_feed_retention_in_days": 0,
                "container_delete_retention_policy": [],
                "cors_rule": [],
                "default_service_version": "",
                "delete_retention_policy": [],
                "last_access_time_enabled": false,
                "restore_policy": [],
                "versioning_enabled": false
              }
            ],
            "cross_tenant_replication_enabled": true,
            "custom_domain": [],
            "customer_managed_key": [],
            "default_to_oauth_authentication": false,
            "edge_zone": "",
            "enable_https_traffic_only": true,
            "id": "/subscriptions/c759eb32-e9c8-4e19-9f2f-d036cf250f5c/resourceGroups/msimpson-sandbox/providers/Microsoft.Storage/storageAccounts/msimp84f40ec1058a8e4c",
            "identity": [],
            "immutability_policy": [],
            "infrastructure_encryption_enabled": false,
            "is_hns_enabled": false,
            "large_file_share_enabled": null,
            "location": "eastus",
            "min_tls_version": "TLS1_2",
            "name": "msimp84f40ec1058a8e4c",
            "network_rules": [
              {
                "bypass": [
                  "AzureServices"
                ],
                "default_action": "Allow",
                "ip_rules": [],
                "private_link_access": [],
                "virtual_network_subnet_ids": []
              }
            ],
            "nfsv3_enabled": false,
            "primary_access_key": "I97zaY4KrV/gYH+JaqGuzCB4uoLMzBYDWV68uQMBRQ4VFwl57k88aJHFeV3zCE5haIKZ/9wKtbDG+ASt79JnJw==",
            "primary_blob_connection_string": "DefaultEndpointsProtocol=https;BlobEndpoint=https://msimp84f40ec1058a8e4c.blob.core.windows.net/;AccountName=msimp84f40ec1058a8e4c;AccountKey=I97zaY4KrV/gYH+JaqGuzCB4uoLMzBYDWV68uQMBRQ4VFwl57k88aJHFeV3zCE5haIKZ/9wKtbDG+ASt79JnJw==",
            "primary_blob_endpoint": "https://msimp84f40ec1058a8e4c.blob.core.windows.net/",
            "primary_blob_host": "msimp84f40ec1058a8e4c.blob.core.windows.net",
            "primary_blob_internet_endpoint": null,
            "primary_blob_internet_host": null,
            "primary_blob_microsoft_endpoint": null,
            "primary_blob_microsoft_host": null,
            "primary_connection_string": "DefaultEndpointsProtocol=https;AccountName=msimp84f40ec1058a8e4c;AccountKey=I97zaY4KrV/gYH+JaqGuzCB4uoLMzBYDWV68uQMBRQ4VFwl57k88aJHFeV3zCE5haIKZ/9wKtbDG+ASt79JnJw==;EndpointSuffix=core.windows.net",
            "primary_dfs_endpoint": "https://msimp84f40ec1058a8e4c.dfs.core.windows.net/",
            "primary_dfs_host": "msimp84f40ec1058a8e4c.dfs.core.windows.net",
            "primary_dfs_internet_endpoint": null,
            "primary_dfs_internet_host": null,
            "primary_dfs_microsoft_endpoint": null,
            "primary_dfs_microsoft_host": null,
            "primary_file_endpoint": "https://msimp84f40ec1058a8e4c.file.core.windows.net/",
            "primary_file_host": "msimp84f40ec1058a8e4c.file.core.windows.net",
            "primary_file_internet_endpoint": null,
            "primary_file_internet_host": null,
            "primary_file_microsoft_endpoint": null,
            "primary_file_microsoft_host": null,
            "primary_location": "eastus",
            "primary_queue_endpoint": "https://msimp84f40ec1058a8e4c.queue.core.windows.net/",
            "primary_queue_host": "msimp84f40ec1058a8e4c.queue.core.windows.net",
            "primary_queue_microsoft_endpoint": null,
            "primary_queue_microsoft_host": null,
            "primary_table_endpoint": "https://msimp84f40ec1058a8e4c.table.core.windows.net/",
            "primary_table_host": "msimp84f40ec1058a8e4c.table.core.windows.net",
            "primary_table_microsoft_endpoint": null,
            "primary_table_microsoft_host": null,
            "primary_web_endpoint": "https://msimp84f40ec1058a8e4c.z13.web.core.windows.net/",
            "primary_web_host": "msimp84f40ec1058a8e4c.z13.web.core.windows.net",
            "primary_web_internet_endpoint": null,
            "primary_web_internet_host": null,
            "primary_web_microsoft_endpoint": null,
            "primary_web_microsoft_host": null,
            "public_network_access_enabled": true,
            "queue_encryption_key_type": "Service",
            "queue_properties": [
              {
                "cors_rule": [],
                "hour_metrics": [
                  {
                    "enabled": true,
                    "include_apis": true,
                    "retention_policy_days": 7,
                    "version": "1.0"
                  }
                ],
                "logging": [
                  {
                    "delete": false,
                    "read": false,
                    "retention_policy_days": 0,
                    "version": "1.0",
                    "write": false
                  }
                ],
                "minute_metrics": [
                  {
                    "enabled": false,
                    "include_apis": false,
                    "retention_policy_days": 0,
                    "version": "1.0"
                  }
                ]
              }
            ],
            "resource_group_name": "msimpson-sandbox",
            "routing": [],
            "sas_policy": [],
            "secondary_access_key": "ifkhe3USyrQyRlC9nBmmymWUD3EJLxikUgOXogZEinvpBoYeJK87oRwLVEZLVcLRaPaJFNjlrUrn+ASti1M3Og==",
            "secondary_blob_connection_string": "",
            "secondary_blob_endpoint": null,
            "secondary_blob_host": null,
            "secondary_blob_internet_endpoint": null,
            "secondary_blob_internet_host": null,
            "secondary_blob_microsoft_endpoint": null,
            "secondary_blob_microsoft_host": null,
            "secondary_connection_string": "DefaultEndpointsProtocol=https;AccountName=msimp84f40ec1058a8e4c;AccountKey=ifkhe3USyrQyRlC9nBmmymWUD3EJLxikUgOXogZEinvpBoYeJK87oRwLVEZLVcLRaPaJFNjlrUrn+ASti1M3Og==;EndpointSuffix=core.windows.net",
            "secondary_dfs_endpoint": null,
            "secondary_dfs_host": null,
            "secondary_dfs_internet_endpoint": null,
            "secondary_dfs_internet_host": null,
            "secondary_dfs_microsoft_endpoint": null,
            "secondary_dfs_microsoft_host": null,
            "secondary_file_endpoint": null,
            "secondary_file_host": null,
            "secondary_file_internet_endpoint": null,
            "secondary_file_internet_host": null,
            "secondary_file_microsoft_endpoint": null,
            "secondary_file_microsoft_host": null,
            "secondary_location": "",
            "secondary_queue_endpoint": null,
            "secondary_queue_host": null,
            "secondary_queue_microsoft_endpoint": null,
            "secondary_queue_microsoft_host": null,
            "secondary_table_endpoint": null,
            "secondary_table_host": null,
            "secondary_table_microsoft_endpoint": null,
            "secondary_table_microsoft_host": null,
            "secondary_web_endpoint": null,
            "secondary_web_host": null,
            "secondary_web_internet_endpoint": null,
            "secondary_web_internet_host": null,
            "secondary_web_microsoft_endpoint": null,
            "secondary_web_microsoft_host": null,
            "sftp_enabled": false,
            "share_properties": [
              {
                "cors_rule": [],
                "retention_policy": [
                  {
                    "days": 7
                  }
                ],
                "smb": []
              }
            ],
            "shared_access_key_enabled": true,
            "static_website": [],
            "table_encryption_key_type": "Service",
            "tags": null,
            "timeouts": null
          },
          "sensitive_attributes": [],
          "private": "eyJlMmJmYjczMC1lY2FhLTExZTYtOGY4OC0zNDM2M2JjN2M0YzAiOnsiY3JlYXRlIjozNjAwMDAwMDAwMDAwLCJkZWxldGUiOjM2MDAwMDAwMDAwMDAsInJlYWQiOjMwMDAwMDAwMDAwMCwidXBkYXRlIjozNjAwMDAwMDAwMDAwfSwic2NoZW1hX3ZlcnNpb24iOiI0In0=",
          "dependencies": [
            "azurerm_resource_group.msimpson",
            "random_id.random_id"
          ]
        }
      ]
    },
    {
      "mode": "managed",
      "type": "azurerm_subnet",
      "name": "msimpson-subnet",
      "provider": "provider[\"registry.terraform.io/hashicorp/azurerm\"]",
      "instances": [
        {
          "schema_version": 0,
          "attributes": {
            "address_prefixes": [
              "10.123.1.0/24"
            ],
            "delegation": [],
            "enforce_private_link_endpoint_network_policies": false,
            "enforce_private_link_service_network_policies": false,
            "id": "/subscriptions/c759eb32-e9c8-4e19-9f2f-d036cf250f5c/resourceGroups/msimpson-sandbox/providers/Microsoft.Network/virtualNetworks/msimpson-vnet/subnets/msimpson-subnet",
            "name": "msimpson-subnet",
            "private_endpoint_network_policies_enabled": true,
            "private_link_service_network_policies_enabled": true,
            "resource_group_name": "msimpson-sandbox",
            "service_endpoint_policy_ids": null,
            "service_endpoints": null,
            "timeouts": null,
            "virtual_network_name": "msimpson-vnet"
          },
          "sensitive_attributes": [],
          "private": "eyJlMmJmYjczMC1lY2FhLTExZTYtOGY4OC0zNDM2M2JjN2M0YzAiOnsiY3JlYXRlIjoxODAwMDAwMDAwMDAwLCJkZWxldGUiOjE4MDAwMDAwMDAwMDAsInJlYWQiOjMwMDAwMDAwMDAwMCwidXBkYXRlIjoxODAwMDAwMDAwMDAwfX0=",
          "dependencies": [
            "azurerm_resource_group.msimpson",
            "azurerm_virtual_network.msimpson-vnet"
          ]
        }
      ]
    },
    {
      "mode": "managed",
      "type": "azurerm_subnet",
      "name": "msimpson-subnet2",
      "provider": "provider[\"registry.terraform.io/hashicorp/azurerm\"]",
      "instances": [
        {
          "schema_version": 0,
          "attributes": {
            "address_prefixes": [
              "10.123.2.0/24"
            ],
            "delegation": [],
            "enforce_private_link_endpoint_network_policies": false,
            "enforce_private_link_service_network_policies": false,
            "id": "/subscriptions/c759eb32-e9c8-4e19-9f2f-d036cf250f5c/resourceGroups/msimpson-sandbox/providers/Microsoft.Network/virtualNetworks/msimpson-vnet/subnets/msimpson-subnet2",
            "name": "msimpson-subnet2",
            "private_endpoint_network_policies_enabled": true,
            "private_link_service_network_policies_enabled": true,
            "resource_group_name": "msimpson-sandbox",
            "service_endpoint_policy_ids": null,
            "service_endpoints": null,
            "timeouts": null,
            "virtual_network_name": "msimpson-vnet"
          },
          "sensitive_attributes": [],
          "private": "eyJlMmJmYjczMC1lY2FhLTExZTYtOGY4OC0zNDM2M2JjN2M0YzAiOnsiY3JlYXRlIjoxODAwMDAwMDAwMDAwLCJkZWxldGUiOjE4MDAwMDAwMDAwMDAsInJlYWQiOjMwMDAwMDAwMDAwMCwidXBkYXRlIjoxODAwMDAwMDAwMDAwfX0=",
          "dependencies": [
            "azurerm_resource_group.msimpson",
            "azurerm_virtual_network.msimpson-vnet"
          ]
        }
      ]
    },
    {
      "mode": "managed",
      "type": "azurerm_subnet",
      "name": "msimpson-subnet3",
      "provider": "provider[\"registry.terraform.io/hashicorp/azurerm\"]",
      "instances": [
        {
          "schema_version": 0,
          "attributes": {
            "address_prefixes": [
              "10.123.3.0/24"
            ],
            "delegation": [],
            "enforce_private_link_endpoint_network_policies": false,
            "enforce_private_link_service_network_policies": false,
            "id": "/subscriptions/c759eb32-e9c8-4e19-9f2f-d036cf250f5c/resourceGroups/msimpson-sandbox/providers/Microsoft.Network/virtualNetworks/msimpson-vnet/subnets/msimpson-subnet3",
            "name": "msimpson-subnet3",
            "private_endpoint_network_policies_enabled": true,
            "private_link_service_network_policies_enabled": true,
            "resource_group_name": "msimpson-sandbox",
            "service_endpoint_policy_ids": null,
            "service_endpoints": null,
            "timeouts": null,
            "virtual_network_name": "msimpson-vnet"
          },
          "sensitive_attributes": [],
          "private": "eyJlMmJmYjczMC1lY2FhLTExZTYtOGY4OC0zNDM2M2JjN2M0YzAiOnsiY3JlYXRlIjoxODAwMDAwMDAwMDAwLCJkZWxldGUiOjE4MDAwMDAwMDAwMDAsInJlYWQiOjMwMDAwMDAwMDAwMCwidXBkYXRlIjoxODAwMDAwMDAwMDAwfX0=",
          "dependencies": [
            "azurerm_resource_group.msimpson",
            "azurerm_virtual_network.msimpson-vnet"
          ]
        }
      ]
    },
    {
      "mode": "managed",
      "type": "azurerm_subnet_network_security_group_association",
      "name": "msimpson-SG-association",
      "provider": "provider[\"registry.terraform.io/hashicorp/azurerm\"]",
      "instances": [
        {
          "schema_version": 0,
          "attributes": {
            "id": "/subscriptions/c759eb32-e9c8-4e19-9f2f-d036cf250f5c/resourceGroups/msimpson-sandbox/providers/Microsoft.Network/virtualNetworks/msimpson-vnet/subnets/msimpson-subnet",
            "network_security_group_id": "/subscriptions/c759eb32-e9c8-4e19-9f2f-d036cf250f5c/resourceGroups/msimpson-sandbox/providers/Microsoft.Network/networkSecurityGroups/msimpson-SG",
            "subnet_id": "/subscriptions/c759eb32-e9c8-4e19-9f2f-d036cf250f5c/resourceGroups/msimpson-sandbox/providers/Microsoft.Network/virtualNetworks/msimpson-vnet/subnets/msimpson-subnet",
            "timeouts": null
          },
          "sensitive_attributes": [],
          "private": "eyJlMmJmYjczMC1lY2FhLTExZTYtOGY4OC0zNDM2M2JjN2M0YzAiOnsiY3JlYXRlIjoxODAwMDAwMDAwMDAwLCJkZWxldGUiOjE4MDAwMDAwMDAwMDAsInJlYWQiOjMwMDAwMDAwMDAwMH19",
          "dependencies": [
            "azurerm_network_security_group.msimpson-SG",
            "azurerm_resource_group.msimpson",
            "azurerm_subnet.msimpson-subnet",
            "azurerm_virtual_network.msimpson-vnet"
          ]
        }
      ]
    },
    {
      "mode": "managed",
      "type": "azurerm_virtual_network",
      "name": "msimpson-vnet",
      "provider": "provider[\"registry.terraform.io/hashicorp/azurerm\"]",
      "instances": [
        {
          "schema_version": 0,
          "attributes": {
            "address_space": [
              "10.123.0.0/16"
            ],
            "bgp_community": "",
            "ddos_protection_plan": [],
            "dns_servers": [],
            "edge_zone": "",
            "encryption": [],
            "flow_timeout_in_minutes": 0,
            "guid": "3cf32547-c8c7-4660-96cd-923e4a9b6b7e",
            "id": "/subscriptions/c759eb32-e9c8-4e19-9f2f-d036cf250f5c/resourceGroups/msimpson-sandbox/providers/Microsoft.Network/virtualNetworks/msimpson-vnet",
            "location": "eastus",
            "name": "msimpson-vnet",
            "resource_group_name": "msimpson-sandbox",
            "subnet": [],
            "tags": {
              "environment": "Dev-TFC"
            },
            "timeouts": null
          },
          "sensitive_attributes": [],
          "private": "eyJlMmJmYjczMC1lY2FhLTExZTYtOGY4OC0zNDM2M2JjN2M0YzAiOnsiY3JlYXRlIjoxODAwMDAwMDAwMDAwLCJkZWxldGUiOjE4MDAwMDAwMDAwMDAsInJlYWQiOjMwMDAwMDAwMDAwMCwidXBkYXRlIjoxODAwMDAwMDAwMDAwfX0=",
          "dependencies": [
            "azurerm_resource_group.msimpson"
          ]
        }
      ]
    },
    {
      "mode": "managed",
      "type": "azurerm_windows_virtual_machine",
      "name": "msimpson-windowsVM",
      "provider": "provider[\"registry.terraform.io/hashicorp/azurerm\"]",
      "instances": [
        {
          "schema_version": 0,
          "attributes": {
            "additional_capabilities": [],
            "additional_unattend_content": [],
            "admin_password": "C0r3t3k!C0r3t3k!",
            "admin_username": "setupadmin",
            "allow_extension_operations": true,
            "availability_set_id": "",
            "boot_diagnostics": [
              {
                "storage_account_uri": "https://msimp84f40ec1058a8e4c.blob.core.windows.net/"
              }
            ],
            "bypass_platform_safety_checks_on_user_schedule_enabled": false,
            "capacity_reservation_group_id": "",
            "computer_name": "msimpson-WSVM",
            "custom_data": null,
            "dedicated_host_group_id": "",
            "dedicated_host_id": "",
            "edge_zone": "",
            "enable_automatic_updates": true,
            "encryption_at_host_enabled": false,
            "eviction_policy": "",
            "extensions_time_budget": "PT1H30M",
            "gallery_application": [],
            "hotpatching_enabled": false,
            "id": "/subscriptions/c759eb32-e9c8-4e19-9f2f-d036cf250f5c/resourceGroups/msimpson-sandbox/providers/Microsoft.Compute/virtualMachines/msimpson-windowsVM",
            "identity": [],
            "license_type": "",
            "location": "eastus",
            "max_bid_price": -1,
            "name": "msimpson-windowsVM",
            "network_interface_ids": [
              "/subscriptions/c759eb32-e9c8-4e19-9f2f-d036cf250f5c/resourceGroups/msimpson-sandbox/providers/Microsoft.Network/networkInterfaces/msimpson-nic2"
            ],
            "os_disk": [
              {
                "caching": "ReadWrite",
                "diff_disk_settings": [],
                "disk_encryption_set_id": "",
                "disk_size_gb": 127,
                "name": "msimpson-windowsVM_OsDisk_1_12b37f4af9e547cf9354b928df385f95",
                "secure_vm_disk_encryption_set_id": "",
                "security_encryption_type": "",
                "storage_account_type": "Standard_LRS",
                "write_accelerator_enabled": false
              }
            ],
            "patch_assessment_mode": "ImageDefault",
            "patch_mode": "AutomaticByOS",
            "plan": [],
            "platform_fault_domain": -1,
            "priority": "Regular",
            "private_ip_address": "10.123.2.4",
            "private_ip_addresses": [
              "10.123.2.4"
            ],
            "provision_vm_agent": true,
            "proximity_placement_group_id": "",
            "public_ip_address": "",
            "public_ip_addresses": [],
            "reboot_setting": "",
            "resource_group_name": "msimpson-sandbox",
            "secret": [],
            "secure_boot_enabled": false,
            "size": "Standard_B1ms",
            "source_image_id": "",
            "source_image_reference": [
              {
                "offer": "WindowsServer",
                "publisher": "MicrosoftWindowsServer",
                "sku": "2019-Datacenter",
                "version": "latest"
              }
            ],
            "tags": {
              "environment": "Dev-TFC"
            },
            "termination_notification": null,
            "timeouts": null,
            "timezone": "",
            "user_data": "",
            "virtual_machine_id": "9879c2cd-dd71-493a-802a-bcc8e14344b2",
            "virtual_machine_scale_set_id": "",
            "vtpm_enabled": false,
            "winrm_listener": [],
            "zone": ""
          },
          "sensitive_attributes": [
            [
              {
                "type": "get_attr",
                "value": "admin_password"
              }
            ]
          ],
          "private": "eyJlMmJmYjczMC1lY2FhLTExZTYtOGY4OC0zNDM2M2JjN2M0YzAiOnsiY3JlYXRlIjoyNzAwMDAwMDAwMDAwLCJkZWxldGUiOjI3MDAwMDAwMDAwMDAsInJlYWQiOjMwMDAwMDAwMDAwMCwidXBkYXRlIjoyNzAwMDAwMDAwMDAwfX0=",
          "dependencies": [
            "azurerm_key_vault.msimpsom-keyvault",
            "azurerm_key_vault_secret.msimpson-WindowsKV",
            "azurerm_network_interface.msimpson-nic2",
            "azurerm_resource_group.msimpson",
            "azurerm_storage_account.msimpsonstorage02",
            "azurerm_subnet.msimpson-subnet2",
            "azurerm_virtual_network.msimpson-vnet",
            "data.azurerm_client_config.current",
            "random_id.random_id"
          ]
        }
      ]
    },
    {
      "mode": "managed",
      "type": "random_id",
      "name": "random_id",
      "provider": "provider[\"registry.terraform.io/hashicorp/random\"]",
      "instances": [
        {
          "schema_version": 0,
          "attributes": {
            "b64_std": "hPQOwQWKjkw=",
            "b64_url": "hPQOwQWKjkw",
            "byte_length": 8,
            "dec": "9580298529508331084",
            "hex": "84f40ec1058a8e4c",
            "id": "hPQOwQWKjkw",
            "keepers": {
              "resource_group": "msimpson-sandbox"
            },
            "prefix": null
          },
          "sensitive_attributes": [],
          "dependencies": [
            "azurerm_resource_group.msimpson"
          ]
        }
      ]
    }
  ],
  "check_results": null
}
