{
  "version": 4,
  "terraform_version": "1.6.2",
  "serial": 160,
  "lineage": "c0218c6d-d344-4419-e912-61e4caf999d8",
  "outputs": {
    "public_ip_address": {
      "value": "simpsonTFC-linuxVM: 52.147.194.228",
      "type": "string"
    }
  },
  "resources": [
    {
      "mode": "data",
      "type": "azurerm_public_ip",
      "name": "simpsonTFC-ipdata",
      "provider": "provider[\"registry.terraform.io/hashicorp/azurerm\"]",
      "instances": [
        {
          "schema_version": 0,
          "attributes": {
            "allocation_method": "Static",
            "domain_name_label": "",
            "fqdn": "",
            "id": "/subscriptions/28d133d0-9036-4fe4-84f9-918d9d199c0c/resourceGroups/simpsonTFC-rg/providers/Microsoft.Network/publicIPAddresses/simpsonTFC-pip",
            "idle_timeout_in_minutes": 4,
            "ip_address": "52.147.194.228",
            "ip_tags": {},
            "ip_version": "IPv4",
            "location": "eastus",
            "name": "simpsonTFC-pip",
            "resource_group_name": "simpsonTFC-rg",
            "reverse_fqdn": "",
            "sku": "Basic",
            "tags": {
              "environment": "Dev-TFC"
            },
            "timeouts": null,
            "zones": []
          },
          "sensitive_attributes": []
        }
      ]
    },
    {
      "mode": "managed",
      "type": "azurerm_linux_virtual_machine",
      "name": "simpsonTFC-linuxVM",
      "provider": "provider[\"registry.terraform.io/hashicorp/azurerm\"]",
      "instances": [
        {
          "schema_version": 0,
          "attributes": {
            "additional_capabilities": [],
            "admin_password": "C0r3t3k!C0r3t3k!",
            "admin_ssh_key": [
              {
                "public_key": "ssh-rsa AAAAB3NzaC1yc2EAAAADAQABAAABgQDYt+lrm0Mr6/yzYqANcVRgs+kBAOuQnIkGzY1uICx7KVNMBI1OxI+WYS5OeOGC1J6QCQLpIMQgpxGGJYd5+7mITdQ2KNHtWfF1HRth7yBC9HRiQk15RKFFWjPpG6hi2DpWnz8EvivgpXnmdotSbuULJCsjcae40dUs3gS1rFgLt2FDB7MgFICLAw0yTQBYk5bgDhZC+ZTM/31FK/h9nDPioDxH/kzq2HVNP5fUPWlUugPdyZalnuxnmG4Zt4kJPPhgkl+iBvxRfOCt5SXhG96m1DY6YOuqDzEm2boA2xk/0K/MkqrvoOh2vKiMZ9BoU+AK88a8qlaw0uwV4SDBoryIQalNGsFsmBv74AEoVkmjP1r6u3ixDcnMZ0IwAYIDQID/PfCCvHsAHw2Qr4N40qLN2YcqMy1L9ZskV7juA5mo1nS9kTKhK5rJLqIVhJbXL06vWMJbex1Uizj2DeGzl7e/k7Hy3xT65xa1DCKExGVnbiDTuyk2SdGPQnf1tl8qYFk= coretek\\michael.simpson@D-QAB1MNV-1551\r\n",
                "username": "setupadmin"
              }
            ],
            "admin_username": "setupadmin",
            "allow_extension_operations": true,
            "availability_set_id": "",
            "boot_diagnostics": [
              {
                "storage_account_uri": "https://simpsontfcstorage01.blob.core.windows.net/"
              }
            ],
            "computer_name": "simpsonTFC-linuxVM",
            "custom_data": "IyEvYmluL2Jhc2gNCnN1ZG8gYXB0LWdldCB1cGRhdGUgLXkgJiYNCnN1ZG8gYXB0LWdldCB1cGRhdGUgLXkgXA0KYXB0LXRyYW5zcG9ydC1odHRwcyBcDQpjYS1jZXJ0aWZpY2F0ZXMgXCANCmN1cmwgXA0KZ251cGctYWdlbnQgXA0Kc29mdHdhcmUtcHJvcGVydGllcy1jb21tb24gJiYNCmN1cmwgLSBmc1NMIGh0dHBzOi9kb3dubG9hZC5kb2NrZXIuY29tL2xpbnV4L3VidW50dS9ncGcgfCBzdWRvIGFwdC1rZXkgYWRkIC0gJiYNCnN1ZG8gYWRkLWFwdC1yZXBvc2l0b3J5ICJkZWIgW2FyY2g9YW1kNjRdIGh0dHBzOi8vZG93bmxvYWQuZG9ja2VyLmNvbS9saW51eC91YnVudHUgJChsc2JfcmVsZWFzZSAtY3MpIHN0YWJsZSIgJiYNCnN1ZG8gYXB0LWdldCB1cGRhdGUgLXkgJiYNCnN1ZG8gc3VkbyBhcHQtZ2V0IGluc3RhbGwgZG9ja2VyLWNlIGRvY2tlci1jZS1jbGkgY29udGFpbmVyZC5pbyAteSAmJg0Kc3VkbyB1c2VybW9kIC1hRyBkb2NrZXIgdWJ1bnR1",
            "dedicated_host_group_id": "",
            "dedicated_host_id": "",
            "disable_password_authentication": false,
            "edge_zone": "",
            "encryption_at_host_enabled": false,
            "eviction_policy": "",
            "extensions_time_budget": "PT1H30M",
            "id": "/subscriptions/28d133d0-9036-4fe4-84f9-918d9d199c0c/resourceGroups/simpsonTFC-rg/providers/Microsoft.Compute/virtualMachines/simpsonTFC-linuxVM",
            "identity": [],
            "license_type": "",
            "location": "eastus",
            "max_bid_price": -1,
            "name": "simpsonTFC-linuxVM",
            "network_interface_ids": [
              "/subscriptions/28d133d0-9036-4fe4-84f9-918d9d199c0c/resourceGroups/simpsonTFC-rg/providers/Microsoft.Network/networkInterfaces/simpsonTFC-nic"
            ],
            "os_disk": [
              {
                "caching": "ReadWrite",
                "diff_disk_settings": [],
                "disk_encryption_set_id": "",
                "disk_size_gb": 30,
                "name": "simpsonTFC-linuxVM_OsDisk_1_5b3ce7840dfa45c1b8a9d97f460f9c2e",
                "storage_account_type": "Standard_LRS",
                "write_accelerator_enabled": false
              }
            ],
            "patch_mode": "ImageDefault",
            "plan": [],
            "platform_fault_domain": -1,
            "priority": "Regular",
            "private_ip_address": "10.123.1.4",
            "private_ip_addresses": [
              "10.123.1.4"
            ],
            "provision_vm_agent": true,
            "proximity_placement_group_id": "",
            "public_ip_address": "52.147.194.228",
            "public_ip_addresses": [
              "52.147.194.228"
            ],
            "resource_group_name": "simpsonTFC-rg",
            "secret": [],
            "secure_boot_enabled": false,
            "size": "Standard_B1ms",
            "source_image_id": "",
            "source_image_reference": [
              {
                "offer": "UbuntuServer",
                "publisher": "Canonical",
                "sku": "16.04-LTS",
                "version": "latest"
              }
            ],
            "tags": {
              "environment": "Dev-TFC"
            },
            "termination_notification": [],
            "timeouts": null,
            "user_data": "",
            "virtual_machine_id": "32c03059-80ea-408f-8845-087e56d65357",
            "virtual_machine_scale_set_id": "",
            "vtpm_enabled": false,
            "zone": ""
          },
          "sensitive_attributes": [],
          "private": "eyJlMmJmYjczMC1lY2FhLTExZTYtOGY4OC0zNDM2M2JjN2M0YzAiOnsiY3JlYXRlIjoyNzAwMDAwMDAwMDAwLCJkZWxldGUiOjI3MDAwMDAwMDAwMDAsInJlYWQiOjMwMDAwMDAwMDAwMCwidXBkYXRlIjoyNzAwMDAwMDAwMDAwfX0=",
          "dependencies": [
            "azurerm_network_interface.simpsonTFC-nic",
            "azurerm_public_ip.simpsonTFC-pip",
            "azurerm_resource_group.simpsonTFC-rg",
            "azurerm_storage_account.simpsontfcstorage01",
            "azurerm_subnet.simpsonTFC-subnet",
            "azurerm_virtual_network.simpsonTFC-vnet"
          ]
        }
      ]
    },
    {
      "mode": "managed",
      "type": "azurerm_network_interface",
      "name": "simpsonTFC-nic",
      "provider": "provider[\"registry.terraform.io/hashicorp/azurerm\"]",
      "instances": [
        {
          "schema_version": 0,
          "attributes": {
            "applied_dns_servers": [],
            "dns_servers": [],
            "edge_zone": "",
            "enable_accelerated_networking": false,
            "enable_ip_forwarding": false,
            "id": "/subscriptions/28d133d0-9036-4fe4-84f9-918d9d199c0c/resourceGroups/simpsonTFC-rg/providers/Microsoft.Network/networkInterfaces/simpsonTFC-nic",
            "internal_dns_name_label": "",
            "internal_domain_name_suffix": "3itszyljrwfefnxcgppksihgeg.bx.internal.cloudapp.net",
            "ip_configuration": [
              {
                "gateway_load_balancer_frontend_ip_configuration_id": "",
                "name": "internal",
                "primary": true,
                "private_ip_address": "10.123.1.4",
                "private_ip_address_allocation": "Dynamic",
                "private_ip_address_version": "IPv4",
                "public_ip_address_id": "/subscriptions/28d133d0-9036-4fe4-84f9-918d9d199c0c/resourceGroups/simpsonTFC-rg/providers/Microsoft.Network/publicIPAddresses/simpsonTFC-pip",
                "subnet_id": "/subscriptions/28d133d0-9036-4fe4-84f9-918d9d199c0c/resourceGroups/simpsonTFC-rg/providers/Microsoft.Network/virtualNetworks/simpsonTFC-vnet/subnets/simpsonTFC-subnet"
              }
            ],
            "location": "eastus",
            "mac_address": "00-0D-3A-9A-49-13",
            "name": "simpsonTFC-nic",
            "private_ip_address": "10.123.1.4",
            "private_ip_addresses": [
              "10.123.1.4"
            ],
            "resource_group_name": "simpsonTFC-rg",
            "tags": {
              "environment": "Dev-TFC"
            },
            "timeouts": null,
            "virtual_machine_id": "/subscriptions/28d133d0-9036-4fe4-84f9-918d9d199c0c/resourceGroups/simpsonTFC-rg/providers/Microsoft.Compute/virtualMachines/simpsonTFC-linuxVM"
          },
          "sensitive_attributes": [],
          "private": "eyJlMmJmYjczMC1lY2FhLTExZTYtOGY4OC0zNDM2M2JjN2M0YzAiOnsiY3JlYXRlIjoxODAwMDAwMDAwMDAwLCJkZWxldGUiOjE4MDAwMDAwMDAwMDAsInJlYWQiOjMwMDAwMDAwMDAwMCwidXBkYXRlIjoxODAwMDAwMDAwMDAwfX0=",
          "dependencies": [
            "azurerm_public_ip.simpsonTFC-pip",
            "azurerm_resource_group.simpsonTFC-rg",
            "azurerm_subnet.simpsonTFC-subnet",
            "azurerm_virtual_network.simpsonTFC-vnet"
          ]
        }
      ]
    },
    {
      "mode": "managed",
      "type": "azurerm_network_interface",
      "name": "simpsonTFC-nic2",
      "provider": "provider[\"registry.terraform.io/hashicorp/azurerm\"]",
      "instances": [
        {
          "schema_version": 0,
          "attributes": {
            "applied_dns_servers": [],
            "dns_servers": [],
            "edge_zone": "",
            "enable_accelerated_networking": false,
            "enable_ip_forwarding": false,
            "id": "/subscriptions/28d133d0-9036-4fe4-84f9-918d9d199c0c/resourceGroups/simpsonTFC-rg/providers/Microsoft.Network/networkInterfaces/simpsonTFC-nic2",
            "internal_dns_name_label": "",
            "internal_domain_name_suffix": "3itszyljrwfefnxcgppksihgeg.bx.internal.cloudapp.net",
            "ip_configuration": [
              {
                "gateway_load_balancer_frontend_ip_configuration_id": "",
                "name": "internal",
                "primary": true,
                "private_ip_address": "10.123.2.4",
                "private_ip_address_allocation": "Dynamic",
                "private_ip_address_version": "IPv4",
                "public_ip_address_id": "",
                "subnet_id": "/subscriptions/28d133d0-9036-4fe4-84f9-918d9d199c0c/resourceGroups/simpsonTFC-rg/providers/Microsoft.Network/virtualNetworks/simpsonTFC-vnet/subnets/simpsonTFC-subnet2"
              }
            ],
            "location": "eastus",
            "mac_address": "00-0D-3A-8E-8D-AE",
            "name": "simpsonTFC-nic2",
            "private_ip_address": "10.123.2.4",
            "private_ip_addresses": [
              "10.123.2.4"
            ],
            "resource_group_name": "simpsonTFC-rg",
            "tags": {
              "environment": "Dev-TFC"
            },
            "timeouts": null,
            "virtual_machine_id": "/subscriptions/28d133d0-9036-4fe4-84f9-918d9d199c0c/resourceGroups/simpsonTFC-rg/providers/Microsoft.Compute/virtualMachines/simpsonTFC-windowsVM"
          },
          "sensitive_attributes": [],
          "private": "eyJlMmJmYjczMC1lY2FhLTExZTYtOGY4OC0zNDM2M2JjN2M0YzAiOnsiY3JlYXRlIjoxODAwMDAwMDAwMDAwLCJkZWxldGUiOjE4MDAwMDAwMDAwMDAsInJlYWQiOjMwMDAwMDAwMDAwMCwidXBkYXRlIjoxODAwMDAwMDAwMDAwfX0=",
          "dependencies": [
            "azurerm_resource_group.simpsonTFC-rg",
            "azurerm_subnet.simpsonTFC-subnet2",
            "azurerm_virtual_network.simpsonTFC-vnet"
          ]
        }
      ]
    },
    {
      "mode": "managed",
      "type": "azurerm_network_security_group",
      "name": "simpsonTFC-SG",
      "provider": "provider[\"registry.terraform.io/hashicorp/azurerm\"]",
      "instances": [
        {
          "schema_version": 0,
          "attributes": {
            "id": "/subscriptions/28d133d0-9036-4fe4-84f9-918d9d199c0c/resourceGroups/simpsonTFC-rg/providers/Microsoft.Network/networkSecurityGroups/simpsonTFC-SG",
            "location": "eastus",
            "name": "simpsonTFC-SG",
            "resource_group_name": "simpsonTFC-rg",
            "security_rule": [
              {
                "access": "Allow",
                "description": "",
                "destination_address_prefix": "*",
                "destination_address_prefixes": [],
                "destination_application_security_group_ids": [],
                "destination_port_range": "*",
                "destination_port_ranges": [],
                "direction": "Inbound",
                "name": "simpsonTFC-rule",
                "priority": 100,
                "protocol": "*",
                "source_address_prefix": "*",
                "source_address_prefixes": [],
                "source_application_security_group_ids": [],
                "source_port_range": "*",
                "source_port_ranges": []
              }
            ],
            "tags": {
              "environment": "Dev-TFC"
            },
            "timeouts": null
          },
          "sensitive_attributes": [],
          "private": "eyJlMmJmYjczMC1lY2FhLTExZTYtOGY4OC0zNDM2M2JjN2M0YzAiOnsiY3JlYXRlIjoxODAwMDAwMDAwMDAwLCJkZWxldGUiOjE4MDAwMDAwMDAwMDAsInJlYWQiOjMwMDAwMDAwMDAwMCwidXBkYXRlIjoxODAwMDAwMDAwMDAwfX0=",
          "dependencies": [
            "azurerm_resource_group.simpsonTFC-rg"
          ]
        }
      ]
    },
    {
      "mode": "managed",
      "type": "azurerm_network_security_rule",
      "name": "simpsonTFC-rule",
      "provider": "provider[\"registry.terraform.io/hashicorp/azurerm\"]",
      "instances": [
        {
          "schema_version": 0,
          "attributes": {
            "access": "Allow",
            "description": "",
            "destination_address_prefix": "*",
            "destination_address_prefixes": [],
            "destination_application_security_group_ids": [],
            "destination_port_range": "*",
            "destination_port_ranges": [],
            "direction": "Inbound",
            "id": "/subscriptions/28d133d0-9036-4fe4-84f9-918d9d199c0c/resourceGroups/simpsonTFC-rg/providers/Microsoft.Network/networkSecurityGroups/simpsonTFC-SG/securityRules/simpsonTFC-rule",
            "name": "simpsonTFC-rule",
            "network_security_group_name": "simpsonTFC-SG",
            "priority": 100,
            "protocol": "*",
            "resource_group_name": "simpsonTFC-rg",
            "source_address_prefix": "*",
            "source_address_prefixes": [],
            "source_application_security_group_ids": [],
            "source_port_range": "*",
            "source_port_ranges": [],
            "timeouts": null
          },
          "sensitive_attributes": [],
          "private": "eyJlMmJmYjczMC1lY2FhLTExZTYtOGY4OC0zNDM2M2JjN2M0YzAiOnsiY3JlYXRlIjoxODAwMDAwMDAwMDAwLCJkZWxldGUiOjE4MDAwMDAwMDAwMDAsInJlYWQiOjMwMDAwMDAwMDAwMCwidXBkYXRlIjoxODAwMDAwMDAwMDAwfX0=",
          "dependencies": [
            "azurerm_network_security_group.simpsonTFC-SG",
            "azurerm_resource_group.simpsonTFC-rg"
          ]
        }
      ]
    },
    {
      "mode": "managed",
      "type": "azurerm_public_ip",
      "name": "simpsonTFC-pip",
      "provider": "provider[\"registry.terraform.io/hashicorp/azurerm\"]",
      "instances": [
        {
          "schema_version": 0,
          "attributes": {
            "allocation_method": "Static",
            "domain_name_label": null,
            "edge_zone": "",
            "fqdn": null,
            "id": "/subscriptions/28d133d0-9036-4fe4-84f9-918d9d199c0c/resourceGroups/simpsonTFC-rg/providers/Microsoft.Network/publicIPAddresses/simpsonTFC-pip",
            "idle_timeout_in_minutes": 4,
            "ip_address": "52.147.194.228",
            "ip_tags": {},
            "ip_version": "IPv4",
            "location": "eastus",
            "name": "simpsonTFC-pip",
            "public_ip_prefix_id": null,
            "resource_group_name": "simpsonTFC-rg",
            "reverse_fqdn": null,
            "sku": "Basic",
            "sku_tier": "Regional",
            "tags": {
              "environment": "Dev-TFC"
            },
            "timeouts": null,
            "zones": []
          },
          "sensitive_attributes": [],
          "private": "eyJlMmJmYjczMC1lY2FhLTExZTYtOGY4OC0zNDM2M2JjN2M0YzAiOnsiY3JlYXRlIjoxODAwMDAwMDAwMDAwLCJkZWxldGUiOjE4MDAwMDAwMDAwMDAsInJlYWQiOjMwMDAwMDAwMDAwMCwidXBkYXRlIjoxODAwMDAwMDAwMDAwfX0=",
          "dependencies": [
            "azurerm_resource_group.simpsonTFC-rg"
          ]
        }
      ]
    },
    {
      "mode": "managed",
      "type": "azurerm_resource_group",
      "name": "simpsonTFC-rg",
      "provider": "provider[\"registry.terraform.io/hashicorp/azurerm\"]",
      "instances": [
        {
          "schema_version": 0,
          "attributes": {
            "id": "/subscriptions/28d133d0-9036-4fe4-84f9-918d9d199c0c/resourceGroups/simpsonTFC-rg",
            "location": "eastus",
            "name": "simpsonTFC-rg",
            "tags": {
              "environment": "Dev-TFC"
            },
            "timeouts": null
          },
          "sensitive_attributes": [],
          "private": "eyJlMmJmYjczMC1lY2FhLTExZTYtOGY4OC0zNDM2M2JjN2M0YzAiOnsiY3JlYXRlIjo1NDAwMDAwMDAwMDAwLCJkZWxldGUiOjU0MDAwMDAwMDAwMDAsInJlYWQiOjMwMDAwMDAwMDAwMCwidXBkYXRlIjo1NDAwMDAwMDAwMDAwfX0="
        }
      ]
    },
    {
      "mode": "managed",
      "type": "azurerm_storage_account",
      "name": "simpsontfcstorage01",
      "provider": "provider[\"registry.terraform.io/hashicorp/azurerm\"]",
      "instances": [
        {
          "schema_version": 3,
          "attributes": {
            "access_tier": "Hot",
            "account_kind": "StorageV2",
            "account_replication_type": "LRS",
            "account_tier": "Standard",
            "allow_nested_items_to_be_public": true,
            "azure_files_authentication": [],
            "blob_properties": [
              {
                "change_feed_enabled": false,
                "container_delete_retention_policy": [],
                "cors_rule": [],
                "default_service_version": "",
                "delete_retention_policy": [],
                "last_access_time_enabled": false,
                "versioning_enabled": false
              }
            ],
            "custom_domain": [],
            "customer_managed_key": [],
            "edge_zone": "",
            "enable_https_traffic_only": true,
            "id": "/subscriptions/28d133d0-9036-4fe4-84f9-918d9d199c0c/resourceGroups/simpsonTFC-rg/providers/Microsoft.Storage/storageAccounts/simpsontfcstorage01",
            "identity": [],
            "infrastructure_encryption_enabled": false,
            "is_hns_enabled": false,
            "large_file_share_enabled": null,
            "location": "eastus",
            "min_tls_version": "TLS1_2",
            "name": "simpsontfcstorage01",
            "network_rules": [
              {
                "bypass": [
                  "AzureServices"
                ],
                "default_action": "Allow",
                "ip_rules": [],
                "private_link_access": [],
                "virtual_network_subnet_ids": []
              }
            ],
            "nfsv3_enabled": false,
            "primary_access_key": "okCachrUYZhve8KKau6Dp5s6YsVx31XWWGvhMo0ZQACPqJxeSxYD4TmiUBHu1DhTj3MGoy7+tkeM+ASt7YxpIw==",
            "primary_blob_connection_string": "DefaultEndpointsProtocol=https;BlobEndpoint=https://simpsontfcstorage01.blob.core.windows.net/;AccountName=simpsontfcstorage01;AccountKey=okCachrUYZhve8KKau6Dp5s6YsVx31XWWGvhMo0ZQACPqJxeSxYD4TmiUBHu1DhTj3MGoy7+tkeM+ASt7YxpIw==",
            "primary_blob_endpoint": "https://simpsontfcstorage01.blob.core.windows.net/",
            "primary_blob_host": "simpsontfcstorage01.blob.core.windows.net",
            "primary_connection_string": "DefaultEndpointsProtocol=https;AccountName=simpsontfcstorage01;AccountKey=okCachrUYZhve8KKau6Dp5s6YsVx31XWWGvhMo0ZQACPqJxeSxYD4TmiUBHu1DhTj3MGoy7+tkeM+ASt7YxpIw==;EndpointSuffix=core.windows.net",
            "primary_dfs_endpoint": "https://simpsontfcstorage01.dfs.core.windows.net/",
            "primary_dfs_host": "simpsontfcstorage01.dfs.core.windows.net",
            "primary_file_endpoint": "https://simpsontfcstorage01.file.core.windows.net/",
            "primary_file_host": "simpsontfcstorage01.file.core.windows.net",
            "primary_location": "eastus",
            "primary_queue_endpoint": "https://simpsontfcstorage01.queue.core.windows.net/",
            "primary_queue_host": "simpsontfcstorage01.queue.core.windows.net",
            "primary_table_endpoint": "https://simpsontfcstorage01.table.core.windows.net/",
            "primary_table_host": "simpsontfcstorage01.table.core.windows.net",
            "primary_web_endpoint": "https://simpsontfcstorage01.z13.web.core.windows.net/",
            "primary_web_host": "simpsontfcstorage01.z13.web.core.windows.net",
            "queue_encryption_key_type": "Service",
            "queue_properties": [
              {
                "cors_rule": [],
                "hour_metrics": [
                  {
                    "enabled": true,
                    "include_apis": true,
                    "retention_policy_days": 7,
                    "version": "1.0"
                  }
                ],
                "logging": [
                  {
                    "delete": false,
                    "read": false,
                    "retention_policy_days": 0,
                    "version": "1.0",
                    "write": false
                  }
                ],
                "minute_metrics": [
                  {
                    "enabled": false,
                    "include_apis": false,
                    "retention_policy_days": 0,
                    "version": "1.0"
                  }
                ]
              }
            ],
            "resource_group_name": "simpsonTFC-rg",
            "routing": [],
            "secondary_access_key": "0QM5YNrd3QCftOTNn9q+/JXrqEuDmEwFbtLnzZA8wve6U9svgvnJRIl74BEaRgMYzFhOKle48vnZ+AStJ+rBdQ==",
            "secondary_blob_connection_string": "",
            "secondary_blob_endpoint": null,
            "secondary_blob_host": null,
            "secondary_connection_string": "DefaultEndpointsProtocol=https;AccountName=simpsontfcstorage01;AccountKey=0QM5YNrd3QCftOTNn9q+/JXrqEuDmEwFbtLnzZA8wve6U9svgvnJRIl74BEaRgMYzFhOKle48vnZ+AStJ+rBdQ==;EndpointSuffix=core.windows.net",
            "secondary_dfs_endpoint": null,
            "secondary_dfs_host": null,
            "secondary_file_endpoint": null,
            "secondary_file_host": null,
            "secondary_location": "",
            "secondary_queue_endpoint": null,
            "secondary_queue_host": null,
            "secondary_table_endpoint": null,
            "secondary_table_host": null,
            "secondary_web_endpoint": null,
            "secondary_web_host": null,
            "share_properties": [
              {
                "cors_rule": [],
                "retention_policy": [
                  {
                    "days": 7
                  }
                ],
                "smb": []
              }
            ],
            "shared_access_key_enabled": true,
            "static_website": [],
            "table_encryption_key_type": "Service",
            "tags": {},
            "timeouts": null
          },
          "sensitive_attributes": [],
          "private": "eyJlMmJmYjczMC1lY2FhLTExZTYtOGY4OC0zNDM2M2JjN2M0YzAiOnsiY3JlYXRlIjozNjAwMDAwMDAwMDAwLCJkZWxldGUiOjM2MDAwMDAwMDAwMDAsInJlYWQiOjMwMDAwMDAwMDAwMCwidXBkYXRlIjozNjAwMDAwMDAwMDAwfSwic2NoZW1hX3ZlcnNpb24iOiIzIn0=",
          "dependencies": [
            "azurerm_resource_group.simpsonTFC-rg"
          ]
        }
      ]
    },
    {
      "mode": "managed",
      "type": "azurerm_subnet",
      "name": "simpsonTFC-subnet",
      "provider": "provider[\"registry.terraform.io/hashicorp/azurerm\"]",
      "instances": [
        {
          "schema_version": 0,
          "attributes": {
            "address_prefixes": [
              "10.123.1.0/24"
            ],
            "delegation": [],
            "enforce_private_link_endpoint_network_policies": false,
            "enforce_private_link_service_network_policies": false,
            "id": "/subscriptions/28d133d0-9036-4fe4-84f9-918d9d199c0c/resourceGroups/simpsonTFC-rg/providers/Microsoft.Network/virtualNetworks/simpsonTFC-vnet/subnets/simpsonTFC-subnet",
            "name": "simpsonTFC-subnet",
            "resource_group_name": "simpsonTFC-rg",
            "service_endpoint_policy_ids": [],
            "service_endpoints": [],
            "timeouts": null,
            "virtual_network_name": "simpsonTFC-vnet"
          },
          "sensitive_attributes": [],
          "private": "eyJlMmJmYjczMC1lY2FhLTExZTYtOGY4OC0zNDM2M2JjN2M0YzAiOnsiY3JlYXRlIjoxODAwMDAwMDAwMDAwLCJkZWxldGUiOjE4MDAwMDAwMDAwMDAsInJlYWQiOjMwMDAwMDAwMDAwMCwidXBkYXRlIjoxODAwMDAwMDAwMDAwfX0=",
          "dependencies": [
            "azurerm_resource_group.simpsonTFC-rg",
            "azurerm_virtual_network.simpsonTFC-vnet"
          ]
        }
      ]
    },
    {
      "mode": "managed",
      "type": "azurerm_subnet",
      "name": "simpsonTFC-subnet2",
      "provider": "provider[\"registry.terraform.io/hashicorp/azurerm\"]",
      "instances": [
        {
          "schema_version": 0,
          "attributes": {
            "address_prefixes": [
              "10.123.2.0/24"
            ],
            "delegation": [],
            "enforce_private_link_endpoint_network_policies": false,
            "enforce_private_link_service_network_policies": false,
            "id": "/subscriptions/28d133d0-9036-4fe4-84f9-918d9d199c0c/resourceGroups/simpsonTFC-rg/providers/Microsoft.Network/virtualNetworks/simpsonTFC-vnet/subnets/simpsonTFC-subnet2",
            "name": "simpsonTFC-subnet2",
            "resource_group_name": "simpsonTFC-rg",
            "service_endpoint_policy_ids": [],
            "service_endpoints": [],
            "timeouts": null,
            "virtual_network_name": "simpsonTFC-vnet"
          },
          "sensitive_attributes": [],
          "private": "eyJlMmJmYjczMC1lY2FhLTExZTYtOGY4OC0zNDM2M2JjN2M0YzAiOnsiY3JlYXRlIjoxODAwMDAwMDAwMDAwLCJkZWxldGUiOjE4MDAwMDAwMDAwMDAsInJlYWQiOjMwMDAwMDAwMDAwMCwidXBkYXRlIjoxODAwMDAwMDAwMDAwfX0=",
          "dependencies": [
            "azurerm_resource_group.simpsonTFC-rg",
            "azurerm_virtual_network.simpsonTFC-vnet"
          ]
        }
      ]
    },
    {
      "mode": "managed",
      "type": "azurerm_subnet",
      "name": "simpsonTFC-subnet3",
      "provider": "provider[\"registry.terraform.io/hashicorp/azurerm\"]",
      "instances": [
        {
          "schema_version": 0,
          "attributes": {
            "address_prefixes": [
              "10.123.3.0/24"
            ],
            "delegation": [],
            "enforce_private_link_endpoint_network_policies": false,
            "enforce_private_link_service_network_policies": false,
            "id": "/subscriptions/28d133d0-9036-4fe4-84f9-918d9d199c0c/resourceGroups/simpsonTFC-rg/providers/Microsoft.Network/virtualNetworks/simpsonTFC-vnet/subnets/simpsonTFC-subnet3",
            "name": "simpsonTFC-subnet3",
            "resource_group_name": "simpsonTFC-rg",
            "service_endpoint_policy_ids": [],
            "service_endpoints": [],
            "timeouts": null,
            "virtual_network_name": "simpsonTFC-vnet"
          },
          "sensitive_attributes": [],
          "private": "eyJlMmJmYjczMC1lY2FhLTExZTYtOGY4OC0zNDM2M2JjN2M0YzAiOnsiY3JlYXRlIjoxODAwMDAwMDAwMDAwLCJkZWxldGUiOjE4MDAwMDAwMDAwMDAsInJlYWQiOjMwMDAwMDAwMDAwMCwidXBkYXRlIjoxODAwMDAwMDAwMDAwfX0=",
          "dependencies": [
            "azurerm_resource_group.simpsonTFC-rg",
            "azurerm_virtual_network.simpsonTFC-vnet"
          ]
        }
      ]
    },
    {
      "mode": "managed",
      "type": "azurerm_subnet_network_security_group_association",
      "name": "simpsonTFC-SG-association",
      "provider": "provider[\"registry.terraform.io/hashicorp/azurerm\"]",
      "instances": [
        {
          "schema_version": 0,
          "attributes": {
            "id": "/subscriptions/28d133d0-9036-4fe4-84f9-918d9d199c0c/resourceGroups/simpsonTFC-rg/providers/Microsoft.Network/virtualNetworks/simpsonTFC-vnet/subnets/simpsonTFC-subnet",
            "network_security_group_id": "/subscriptions/28d133d0-9036-4fe4-84f9-918d9d199c0c/resourceGroups/simpsonTFC-rg/providers/Microsoft.Network/networkSecurityGroups/simpsonTFC-SG",
            "subnet_id": "/subscriptions/28d133d0-9036-4fe4-84f9-918d9d199c0c/resourceGroups/simpsonTFC-rg/providers/Microsoft.Network/virtualNetworks/simpsonTFC-vnet/subnets/simpsonTFC-subnet",
            "timeouts": null
          },
          "sensitive_attributes": [],
          "private": "eyJlMmJmYjczMC1lY2FhLTExZTYtOGY4OC0zNDM2M2JjN2M0YzAiOnsiY3JlYXRlIjoxODAwMDAwMDAwMDAwLCJkZWxldGUiOjE4MDAwMDAwMDAwMDAsInJlYWQiOjMwMDAwMDAwMDAwMCwidXBkYXRlIjoxODAwMDAwMDAwMDAwfX0=",
          "dependencies": [
            "azurerm_network_security_group.simpsonTFC-SG",
            "azurerm_resource_group.simpsonTFC-rg",
            "azurerm_subnet.simpsonTFC-subnet",
            "azurerm_virtual_network.simpsonTFC-vnet"
          ]
        }
      ]
    },
    {
      "mode": "managed",
      "type": "azurerm_virtual_network",
      "name": "simpsonTFC-vnet",
      "provider": "provider[\"registry.terraform.io/hashicorp/azurerm\"]",
      "instances": [
        {
          "schema_version": 0,
          "attributes": {
            "address_space": [
              "10.123.0.0/16"
            ],
            "bgp_community": "",
            "ddos_protection_plan": [],
            "dns_servers": [],
            "edge_zone": "",
            "flow_timeout_in_minutes": 0,
            "guid": "e12c27ea-8d69-428a-b6e2-33dea920e626",
            "id": "/subscriptions/28d133d0-9036-4fe4-84f9-918d9d199c0c/resourceGroups/simpsonTFC-rg/providers/Microsoft.Network/virtualNetworks/simpsonTFC-vnet",
            "location": "eastus",
            "name": "simpsonTFC-vnet",
            "resource_group_name": "simpsonTFC-rg",
            "subnet": [
              {
                "address_prefix": "10.123.1.0/24",
                "id": "/subscriptions/28d133d0-9036-4fe4-84f9-918d9d199c0c/resourceGroups/simpsonTFC-rg/providers/Microsoft.Network/virtualNetworks/simpsonTFC-vnet/subnets/simpsonTFC-subnet",
                "name": "simpsonTFC-subnet",
                "security_group": "/subscriptions/28d133d0-9036-4fe4-84f9-918d9d199c0c/resourceGroups/simpsonTFC-rg/providers/Microsoft.Network/networkSecurityGroups/simpsonTFC-SG"
              },
              {
                "address_prefix": "10.123.2.0/24",
                "id": "/subscriptions/28d133d0-9036-4fe4-84f9-918d9d199c0c/resourceGroups/simpsonTFC-rg/providers/Microsoft.Network/virtualNetworks/simpsonTFC-vnet/subnets/simpsonTFC-subnet2",
                "name": "simpsonTFC-subnet2",
                "security_group": ""
              },
              {
                "address_prefix": "10.123.3.0/24",
                "id": "/subscriptions/28d133d0-9036-4fe4-84f9-918d9d199c0c/resourceGroups/simpsonTFC-rg/providers/Microsoft.Network/virtualNetworks/simpsonTFC-vnet/subnets/simpsonTFC-subnet3",
                "name": "simpsonTFC-subnet3",
                "security_group": ""
              }
            ],
            "tags": {
              "environment": "Dev-TFC"
            },
            "timeouts": null
          },
          "sensitive_attributes": [],
          "private": "eyJlMmJmYjczMC1lY2FhLTExZTYtOGY4OC0zNDM2M2JjN2M0YzAiOnsiY3JlYXRlIjoxODAwMDAwMDAwMDAwLCJkZWxldGUiOjE4MDAwMDAwMDAwMDAsInJlYWQiOjMwMDAwMDAwMDAwMCwidXBkYXRlIjoxODAwMDAwMDAwMDAwfX0=",
          "dependencies": [
            "azurerm_resource_group.simpsonTFC-rg"
          ]
        }
      ]
    },
    {
      "mode": "managed",
      "type": "azurerm_windows_virtual_machine",
      "name": "simpsonTFC-windowsVM",
      "provider": "provider[\"registry.terraform.io/hashicorp/azurerm\"]",
      "instances": [
        {
          "schema_version": 0,
          "attributes": {
            "additional_capabilities": [],
            "additional_unattend_content": [],
            "admin_password": "C0r3t3kC0r3t3k",
            "admin_username": "setupadmin",
            "allow_extension_operations": true,
            "availability_set_id": "",
            "boot_diagnostics": [
              {
                "storage_account_uri": "https://simpsontfcstorage01.blob.core.windows.net/"
              }
            ],
            "computer_name": "simpsonTFC-WSVM",
            "custom_data": null,
            "dedicated_host_group_id": "",
            "dedicated_host_id": "",
            "edge_zone": "",
            "enable_automatic_updates": true,
            "encryption_at_host_enabled": false,
            "eviction_policy": "",
            "extensions_time_budget": "PT1H30M",
            "hotpatching_enabled": false,
            "id": "/subscriptions/28d133d0-9036-4fe4-84f9-918d9d199c0c/resourceGroups/simpsonTFC-rg/providers/Microsoft.Compute/virtualMachines/simpsonTFC-windowsVM",
            "identity": [],
            "license_type": "",
            "location": "eastus",
            "max_bid_price": -1,
            "name": "simpsonTFC-windowsVM",
            "network_interface_ids": [
              "/subscriptions/28d133d0-9036-4fe4-84f9-918d9d199c0c/resourceGroups/simpsonTFC-rg/providers/Microsoft.Network/networkInterfaces/simpsonTFC-nic2"
            ],
            "os_disk": [
              {
                "caching": "ReadWrite",
                "diff_disk_settings": [],
                "disk_encryption_set_id": "",
                "disk_size_gb": 127,
                "name": "simpsonTFC-windowsVM_OsDisk_1_5792f9f010c041d89fadba6adb303b21",
                "storage_account_type": "Standard_LRS",
                "write_accelerator_enabled": false
              }
            ],
            "patch_mode": "AutomaticByOS",
            "plan": [],
            "platform_fault_domain": -1,
            "priority": "Regular",
            "private_ip_address": "10.123.2.4",
            "private_ip_addresses": [
              "10.123.2.4"
            ],
            "provision_vm_agent": true,
            "proximity_placement_group_id": "",
            "public_ip_address": "",
            "public_ip_addresses": [],
            "resource_group_name": "simpsonTFC-rg",
            "secret": [],
            "secure_boot_enabled": false,
            "size": "Standard_B1ms",
            "source_image_id": "",
            "source_image_reference": [
              {
                "offer": "WindowsServer",
                "publisher": "MicrosoftWindowsServer",
                "sku": "2019-Datacenter",
                "version": "latest"
              }
            ],
            "tags": {
              "environment": "Dev-TFC"
            },
            "termination_notification": [],
            "timeouts": null,
            "timezone": "",
            "user_data": "",
            "virtual_machine_id": "ad4d11e4-fe62-40aa-bd46-792e0ceec992",
            "virtual_machine_scale_set_id": "",
            "vtpm_enabled": false,
            "winrm_listener": [],
            "zone": ""
          },
          "sensitive_attributes": [],
          "private": "eyJlMmJmYjczMC1lY2FhLTExZTYtOGY4OC0zNDM2M2JjN2M0YzAiOnsiY3JlYXRlIjoyNzAwMDAwMDAwMDAwLCJkZWxldGUiOjI3MDAwMDAwMDAwMDAsInJlYWQiOjMwMDAwMDAwMDAwMCwidXBkYXRlIjoyNzAwMDAwMDAwMDAwfX0=",
          "dependencies": [
            "azurerm_network_interface.simpsonTFC-nic2",
            "azurerm_resource_group.simpsonTFC-rg",
            "azurerm_storage_account.simpsontfcstorage01",
            "azurerm_subnet.simpsonTFC-subnet2",
            "azurerm_virtual_network.simpsonTFC-vnet"
          ]
        }
      ]
    }
  ],
  "check_results": null
}
