{
  "version": 4,
  "terraform_version": "1.6.5",
  "serial": 550,
  "lineage": "c0218c6d-d344-4419-e912-61e4caf999d8",
  "outputs": {},
  "resources": [
    {
      "mode": "data",
      "type": "azurerm_client_config",
      "name": "current",
      "provider": "provider[\"registry.terraform.io/hashicorp/azurerm\"]",
      "instances": [
        {
          "schema_version": 0,
          "attributes": {
            "client_id": "04b07795-8ddb-461a-bbee-02f9e1bf7b46",
            "id": "Y2xpZW50Q29uZmlncy9jbGllbnRJZD0wNGIwNzc5NS04ZGRiLTQ2MWEtYmJlZS0wMmY5ZTFiZjdiNDY7b2JqZWN0SWQ9NzZjMzFjZjYtZmMwNC00NmJmLWFkMjMtZjAyYTI2MjQxM2YxO3N1YnNjcmlwdGlvbklkPWM3NTllYjMyLWU5YzgtNGUxOS05ZjJmLWQwMzZjZjI1MGY1Yzt0ZW5hbnRJZD1mNGY5ZGM4ZS1lZjkwLTQ1YzAtYjJjOS0xMzNiYzI4NDA0YWM=",
            "object_id": "76c31cf6-fc04-46bf-ad23-f02a262413f1",
            "subscription_id": "c759eb32-e9c8-4e19-9f2f-d036cf250f5c",
            "tenant_id": "f4f9dc8e-ef90-45c0-b2c9-133bc28404ac",
            "timeouts": null
          },
          "sensitive_attributes": []
        }
      ]
    },
    {
      "mode": "managed",
      "type": "azurerm_key_vault",
      "name": "msimpsom-keyvault",
      "provider": "provider[\"registry.terraform.io/hashicorp/azurerm\"]",
      "instances": [
        {
          "schema_version": 2,
          "attributes": {
            "access_policy": [
              {
                "application_id": "",
                "certificate_permissions": [],
                "key_permissions": [
                  "Get"
                ],
                "object_id": "76c31cf6-fc04-46bf-ad23-f02a262413f1",
                "secret_permissions": [
                  "Get",
                  "Backup",
                  "Restore",
                  "List",
                  "Set",
                  "Delete",
                  "Purge",
                  "Recover"
                ],
                "storage_permissions": [
                  "Get"
                ],
                "tenant_id": "f4f9dc8e-ef90-45c0-b2c9-133bc28404ac"
              }
            ],
            "contact": [],
            "enable_rbac_authorization": false,
            "enabled_for_deployment": false,
            "enabled_for_disk_encryption": false,
            "enabled_for_template_deployment": false,
            "id": "/subscriptions/c759eb32-e9c8-4e19-9f2f-d036cf250f5c/resourceGroups/msimpson-sandbox/providers/Microsoft.KeyVault/vaults/msimpson-keyvault",
            "location": "eastus",
            "name": "msimpson-keyvault",
            "network_acls": [
              {
                "bypass": "AzureServices",
                "default_action": "Allow",
                "ip_rules": [],
                "virtual_network_subnet_ids": []
              }
            ],
            "public_network_access_enabled": true,
            "purge_protection_enabled": false,
            "resource_group_name": "msimpson-sandbox",
            "sku_name": "standard",
            "soft_delete_retention_days": 7,
            "tags": {},
            "tenant_id": "f4f9dc8e-ef90-45c0-b2c9-133bc28404ac",
            "timeouts": null,
            "vault_uri": "https://msimpson-keyvault.vault.azure.net/"
          },
          "sensitive_attributes": [],
          "private": "eyJlMmJmYjczMC1lY2FhLTExZTYtOGY4OC0zNDM2M2JjN2M0YzAiOnsiY3JlYXRlIjoxODAwMDAwMDAwMDAwLCJkZWxldGUiOjE4MDAwMDAwMDAwMDAsInJlYWQiOjMwMDAwMDAwMDAwMCwidXBkYXRlIjoxODAwMDAwMDAwMDAwfSwic2NoZW1hX3ZlcnNpb24iOiIyIn0=",
          "dependencies": [
            "azurerm_resource_group.msimpson",
            "data.azurerm_client_config.current"
          ]
        }
      ]
    },
    {
      "mode": "managed",
      "type": "azurerm_resource_group",
      "name": "msimpson",
      "provider": "provider[\"registry.terraform.io/hashicorp/azurerm\"]",
      "instances": [
        {
          "schema_version": 0,
          "attributes": {
            "id": "/subscriptions/c759eb32-e9c8-4e19-9f2f-d036cf250f5c/resourceGroups/msimpson-sandbox",
            "location": "eastus",
            "managed_by": "",
            "name": "msimpson-sandbox",
            "tags": {
              "environment": "Dev-TFC"
            },
            "timeouts": null
          },
          "sensitive_attributes": [],
          "private": "eyJlMmJmYjczMC1lY2FhLTExZTYtOGY4OC0zNDM2M2JjN2M0YzAiOnsiY3JlYXRlIjo1NDAwMDAwMDAwMDAwLCJkZWxldGUiOjU0MDAwMDAwMDAwMDAsInJlYWQiOjMwMDAwMDAwMDAwMCwidXBkYXRlIjo1NDAwMDAwMDAwMDAwfX0="
        }
      ]
    }
  ],
  "check_results": null
}
